<?xml version="1.0" encoding="utf-8"?>
<Project ToolsVersion="4.0" xmlns="http://schemas.microsoft.com/developer/msbuild/2003">
  <ItemGroup>
    <Filter Include="Source Files">
      <UniqueIdentifier>{4FC737F1-C7A5-4376-A066-2A32D752A2FF}</UniqueIdentifier>
      <Extensions>cpp;c;cc;cxx;c++;cppm;ixx;def;odl;idl;hpj;bat;asm;asmx</Extensions>
    </Filter>
    <Filter Include="Header Files">
      <UniqueIdentifier>{93995380-89BD-4b04-88EB-625FBE52EBFB}</UniqueIdentifier>
      <Extensions>h;hh;hpp;hxx;h++;hm;inl;inc;ipp;xsd</Extensions>
    </Filter>
    <Filter Include="Resource Files">
      <UniqueIdentifier>{67DA6AB6-F800-4c08-8B7A-83BB121AAD01}</UniqueIdentifier>
      <Extensions>rc;ico;cur;bmp;dlg;rc2;rct;bin;rgs;gif;jpg;jpeg;jpe;resx;tiff;tif;png;wav;mfcribbon-ms</Extensions>
    </Filter>
    <Filter Include="Loader">
      <UniqueIdentifier>{ef159aa7-0ceb-4ef5-a926-097dfc64a130}</UniqueIdentifier>
    </Filter>
    <Filter Include="Events">
      <UniqueIdentifier>{062ec4b8-2804-4978-b3c4-381b0cdd4b35}</UniqueIdentifier>
    </Filter>
    <Filter Include="GUI">
      <UniqueIdentifier>{8e3da8bf-b792-4844-a919-647f2d4786f6}</UniqueIdentifier>
    </Filter>
    <Filter Include="_GLOBAL">
      <UniqueIdentifier>{8e43094f-c05b-4eb0-9c90-afd74f653c5b}</UniqueIdentifier>
    </Filter>
    <Filter Include="GUI\Widgets">
      <UniqueIdentifier>{911cde00-7b9a-4d41-9272-bc884666c983}</UniqueIdentifier>
    </Filter>
    <Filter Include="Resource Files\Fonts">
      <UniqueIdentifier>{1893bf7b-bd45-42e7-ad87-1a27b5dd5c62}</UniqueIdentifier>
    </Filter>
    <Filter Include="Resource Files\Images">
      <UniqueIdentifier>{df3c3a30-d02f-4c04-a27c-cfaafff031bb}</UniqueIdentifier>
    </Filter>
    <Filter Include="GUI\Widgets\Options">
      <UniqueIdentifier>{b211fbda-c7b4-4d75-b2c9-6801eab1bc0a}</UniqueIdentifier>
    </Filter>
    <Filter Include="Paths">
      <UniqueIdentifier>{b0fd71ca-41a2-4a72-a523-b30138c9dcef}</UniqueIdentifier>
    </Filter>
    <Filter Include="_EXTERNAL">
      <UniqueIdentifier>{04d6bcbc-bde2-4787-bd80-0289963e456b}</UniqueIdentifier>
    </Filter>
    <Filter Include="_EXTERNAL\openssl">
      <UniqueIdentifier>{43ee48c6-177b-4331-a9ce-76dfffac0f31}</UniqueIdentifier>
    </Filter>
    <Filter Include="_EXTERNAL\minhook">
      <UniqueIdentifier>{f68f9811-c527-445e-80e6-4195e50dfa70}</UniqueIdentifier>
    </Filter>
    <Filter Include="_EXTERNAL\imgui">
      <UniqueIdentifier>{9cf5a43b-f25a-40a9-985c-dc3e2c93acbb}</UniqueIdentifier>
    </Filter>
    <Filter Include="Resource Files\Images\QuickAccess">
      <UniqueIdentifier>{c46e3486-9b1a-4bf8-bc57-adcaf1023e47}</UniqueIdentifier>
    </Filter>
    <Filter Include="Resource Files\bin64">
      <UniqueIdentifier>{86b26924-5f68-4789-a455-7a9aadb24c45}</UniqueIdentifier>
    </Filter>
    <Filter Include="Loader\Structs">
      <UniqueIdentifier>{68742126-4d19-4b9e-a4cc-594a8e22a51d}</UniqueIdentifier>
    </Filter>
    <Filter Include="Loader\Enums">
      <UniqueIdentifier>{29b4df1b-599d-49f1-adc5-17961c6073b2}</UniqueIdentifier>
    </Filter>
    <Filter Include="Resource Files\Locales">
      <UniqueIdentifier>{3e8eab0f-abb6-49e7-9b6e-4347fe84f0b9}</UniqueIdentifier>
    </Filter>
    <Filter Include="Util">
      <UniqueIdentifier>{7b045384-37df-47bf-a9d8-13b7470614b0}</UniqueIdentifier>
    </Filter>
    <Filter Include="Inputs">
      <UniqueIdentifier>{68734b2f-4069-4723-961d-83db00b90810}</UniqueIdentifier>
    </Filter>
    <Filter Include="Services">
      <UniqueIdentifier>{7cebddb9-057f-4d36-bd2c-bbda84c7a459}</UniqueIdentifier>
    </Filter>
    <Filter Include="Services\Mumble">
      <UniqueIdentifier>{63ff3d3b-f85c-4e99-8c66-7638fa8d524f}</UniqueIdentifier>
    </Filter>
    <Filter Include="Services\Multibox">
      <UniqueIdentifier>{a1bb18bc-73ac-4f45-bea0-8e830d61c56f}</UniqueIdentifier>
    </Filter>
    <Filter Include="Services\Updater">
      <UniqueIdentifier>{25b274e7-7bee-44a7-b1ba-f82be0e3a1e6}</UniqueIdentifier>
    </Filter>
    <Filter Include="Services\Textures">
      <UniqueIdentifier>{6389b79a-d0aa-4b99-97d2-74a74d8ec33b}</UniqueIdentifier>
    </Filter>
    <Filter Include="Services\Localization">
      <UniqueIdentifier>{7943e0f9-3a02-4820-bc47-49d1198f39b8}</UniqueIdentifier>
    </Filter>
    <Filter Include="Services\DataLink">
      <UniqueIdentifier>{bc75dd17-819f-48c8-a82d-b3b2dd12becb}</UniqueIdentifier>
    </Filter>
    <Filter Include="Services\Logging">
      <UniqueIdentifier>{72f71e79-5933-4318-b293-5087228d8bf4}</UniqueIdentifier>
    </Filter>
    <Filter Include="Services\Settings">
      <UniqueIdentifier>{6eacccbc-bce6-44c6-b183-963cda72c287}</UniqueIdentifier>
    </Filter>
    <Filter Include="Services\API">
      <UniqueIdentifier>{e65ccd89-40e0-4106-92d5-9e47ea8f3189}</UniqueIdentifier>
    </Filter>
    <Filter Include="Inputs\RawInput">
      <UniqueIdentifier>{9bfe2e48-8bc4-40bd-a652-2237dd01af65}</UniqueIdentifier>
    </Filter>
    <Filter Include="Inputs\GameBinds">
      <UniqueIdentifier>{b724c373-9b37-4f5e-b102-697fa296d3d5}</UniqueIdentifier>
    </Filter>
    <Filter Include="Inputs\GameBinds\Enums">
      <UniqueIdentifier>{9c11a759-acfa-40e2-b7f5-042ba9d0428a}</UniqueIdentifier>
    </Filter>
    <Filter Include="Inputs\InputBinds">
      <UniqueIdentifier>{f0552fcd-0842-4914-bd35-54f18d11b0cd}</UniqueIdentifier>
    </Filter>
    <Filter Include="Inputs\InputBinds\Enums">
      <UniqueIdentifier>{5f7a3796-ab71-4979-ace3-8063d007c8b8}</UniqueIdentifier>
    </Filter>
    <Filter Include="UI">
      <UniqueIdentifier>{82694dd7-d18b-47e2-b118-c0f555122384}</UniqueIdentifier>
    </Filter>
    <Filter Include="UI\Services">
      <UniqueIdentifier>{da13c2f6-1efe-4ddf-a84a-1a5ab83b861c}</UniqueIdentifier>
    </Filter>
    <Filter Include="UI\Widgets">
      <UniqueIdentifier>{dcf015c1-0e23-4a23-a6f6-04ec9a32c053}</UniqueIdentifier>
    </Filter>
    <Filter Include="UI\Controls">
      <UniqueIdentifier>{67ab7906-56ba-408f-90d6-abbcd288967d}</UniqueIdentifier>
    </Filter>
    <Filter Include="UI\Services\QoL">
      <UniqueIdentifier>{df5af072-1334-4d7a-aff2-9f123cfc38fd}</UniqueIdentifier>
    </Filter>
    <Filter Include="UI\Services\Fonts">
      <UniqueIdentifier>{93966cbf-564e-4ce7-943c-76d6620f32b3}</UniqueIdentifier>
    </Filter>
    <Filter Include="UI\Widgets\MainWindow">
      <UniqueIdentifier>{fa4b555a-3ed5-4aa0-9d6c-c6d1d34b0fbd}</UniqueIdentifier>
    </Filter>
    <Filter Include="UI\Widgets\Alerts">
      <UniqueIdentifier>{69e72b47-869f-4ca1-b3ff-c05b5578b065}</UniqueIdentifier>
    </Filter>
    <Filter Include="UI\Widgets\QuickAccess">
      <UniqueIdentifier>{d472dc9b-3c23-4c4a-86bb-1a8e2ed57f59}</UniqueIdentifier>
    </Filter>
    <Filter Include="UI\Widgets\EULA">
      <UniqueIdentifier>{47a73a5f-ea70-44b3-a9d5-a6b0c73149c7}</UniqueIdentifier>
    </Filter>
    <Filter Include="_EXTERNAL\ImAnimate">
      <UniqueIdentifier>{b15de497-e84e-4c7c-bf38-644089178710}</UniqueIdentifier>
    </Filter>
    <Filter Include="UI\Widgets\MainWindow\Pages">
      <UniqueIdentifier>{c038cf7e-846b-4a4c-b25e-02dd40fc7fae}</UniqueIdentifier>
    </Filter>
    <Filter Include="UI\Widgets\MainWindow\Pages\Addons">
      <UniqueIdentifier>{d314d878-e692-49a9-ba0f-da234ef926fb}</UniqueIdentifier>
    </Filter>
    <Filter Include="UI\Widgets\MainWindow\Pages\Options">
      <UniqueIdentifier>{d4c1be83-e870-4bbc-96b2-cd9678bc19d0}</UniqueIdentifier>
    </Filter>
    <Filter Include="UI\Widgets\MainWindow\Pages\Log">
      <UniqueIdentifier>{f0a17962-1dd6-4bd6-8425-9f6d31886561}</UniqueIdentifier>
    </Filter>
    <Filter Include="UI\Widgets\MainWindow\Pages\About">
      <UniqueIdentifier>{83b4340f-1b7b-464a-82b7-30a55be221dc}</UniqueIdentifier>
    </Filter>
    <Filter Include="UI\Widgets\MainWindow\Pages\Debug">
      <UniqueIdentifier>{b8ba2958-92c3-4991-a69c-43b4b1f27dce}</UniqueIdentifier>
    </Filter>
    <Filter Include="UI\Widgets\MainWindow\Pages\Binds">
      <UniqueIdentifier>{c8221a12-6ee1-4eda-853e-6e7565a5b6a1}</UniqueIdentifier>
    </Filter>
    <Filter Include="UI\Widgets\Overlay">
      <UniqueIdentifier>{40e19d6d-1ca9-417f-a2ad-4ea1f0a15517}</UniqueIdentifier>
    </Filter>
    <Filter Include="UI\Widgets\Overlay\MumbleInspector">
      <UniqueIdentifier>{0275c141-3eb7-4a9b-8fc5-ea935b2c4c87}</UniqueIdentifier>
    </Filter>
    <Filter Include="Resource Files\Images\icons">
      <UniqueIdentifier>{ebfcf47c-67f0-41ad-902f-36bd3f225e3a}</UniqueIdentifier>
    </Filter>
    <Filter Include="Resource Files\Images\banners">
      <UniqueIdentifier>{99846d4e-f4ca-443a-91cd-d6df9457545b}</UniqueIdentifier>
    </Filter>
  </ItemGroup>
  <ItemGroup>
    <ClCompile Include="src\Main.cpp">
      <Filter>Source Files</Filter>
    </ClCompile>
    <ClCompile Include="src\thirdparty\imgui\imgui_widgets.cpp">
      <Filter>_EXTERNAL\imgui</Filter>
    </ClCompile>
    <ClCompile Include="src\thirdparty\imgui\imgui_tables.cpp">
      <Filter>_EXTERNAL\imgui</Filter>
    </ClCompile>
    <ClCompile Include="src\thirdparty\imgui\imgui_draw.cpp">
      <Filter>_EXTERNAL\imgui</Filter>
    </ClCompile>
    <ClCompile Include="src\thirdparty\imgui\imgui.cpp">
      <Filter>_EXTERNAL\imgui</Filter>
    </ClCompile>
    <ClCompile Include="src\thirdparty\imgui\imgui_impl_win32.cpp">
      <Filter>_EXTERNAL\imgui</Filter>
    </ClCompile>
    <ClCompile Include="src\thirdparty\imgui\imgui_impl_dx11.cpp">
      <Filter>_EXTERNAL\imgui</Filter>
    </ClCompile>
    <ClCompile Include="src\thirdparty\minhook\mh_buffer.cpp">
      <Filter>_EXTERNAL\minhook</Filter>
    </ClCompile>
    <ClCompile Include="src\thirdparty\minhook\mh_disasm.cpp">
      <Filter>_EXTERNAL\minhook</Filter>
    </ClCompile>
    <ClCompile Include="src\thirdparty\minhook\mh_hook.cpp">
      <Filter>_EXTERNAL\minhook</Filter>
    </ClCompile>
    <ClCompile Include="src\thirdparty\minhook\mh_trampoline.cpp">
      <Filter>_EXTERNAL\minhook</Filter>
    </ClCompile>
    <ClCompile Include="src\Services\Logging\CFileLogger.cpp">
      <Filter>Services\Logging</Filter>
    </ClCompile>
    <ClCompile Include="src\Services\Logging\ILogger.cpp">
      <Filter>Services\Logging</Filter>
    </ClCompile>
    <ClCompile Include="src\Services\Logging\LogEntry.cpp">
      <Filter>Services\Logging</Filter>
    </ClCompile>
    <ClCompile Include="src\Services\Logging\LogHandler.cpp">
      <Filter>Services\Logging</Filter>
    </ClCompile>
    <ClCompile Include="src\Services\Logging\CConsoleLogger.cpp">
      <Filter>Services\Logging</Filter>
    </ClCompile>
    <ClCompile Include="src\Services\Mumble\Reader.cpp">
      <Filter>Services\Mumble</Filter>
    </ClCompile>
    <ClCompile Include="src\Events\EventHandler.cpp">
      <Filter>Events</Filter>
    </ClCompile>
    <ClCompile Include="src\Inputs\InputBinds\InputBindHandler.cpp">
      <Filter>Inputs\InputBinds</Filter>
    </ClCompile>
    <ClCompile Include="src\Index.cpp">
      <Filter>_GLOBAL</Filter>
    </ClCompile>
    <ClCompile Include="src\State.cpp">
      <Filter>_GLOBAL</Filter>
    </ClCompile>
    <ClCompile Include="src\Hooks.cpp">
      <Filter>_GLOBAL</Filter>
    </ClCompile>
    <ClCompile Include="src\Renderer.cpp">
      <Filter>_GLOBAL</Filter>
    </ClCompile>
    <ClCompile Include="src\Shared.cpp">
      <Filter>_GLOBAL</Filter>
    </ClCompile>
    <ClCompile Include="src\Inputs\InputBinds\InputBind.cpp">
      <Filter>Inputs\InputBinds</Filter>
    </ClCompile>
    <ClCompile Include="src\Loader\Loader.cpp">
      <Filter>Loader</Filter>
    </ClCompile>
    <ClCompile Include="src\Services\DataLink\DataLink.cpp">
      <Filter>Services\DataLink</Filter>
    </ClCompile>
    <ClCompile Include="src\Services\Textures\TextureLoader.cpp">
      <Filter>Services\Textures</Filter>
    </ClCompile>
    <ClCompile Include="src\Consts.cpp">
      <Filter>_GLOBAL</Filter>
    </ClCompile>
    <ClCompile Include="src\Services\Settings\Settings.cpp">
      <Filter>Services\Settings</Filter>
    </ClCompile>
    <ClCompile Include="src\Services\API\APIController.cpp">
      <Filter>Services\API</Filter>
    </ClCompile>
    <ClCompile Include="src\Services\API\ActiveToken.cpp">
      <Filter>Services\API</Filter>
    </ClCompile>
    <ClCompile Include="src\Inputs\RawInput\RawInputApi.cpp">
      <Filter>Inputs\RawInput</Filter>
    </ClCompile>
    <ClCompile Include="src\CrashHandler.cpp">
      <Filter>Source Files</Filter>
    </ClCompile>
    <ClCompile Include="src\Services\Multibox\Multibox.cpp">
      <Filter>Services\Multibox</Filter>
    </ClCompile>
    <ClCompile Include="src\Proxy.cpp">
      <Filter>_GLOBAL</Filter>
    </ClCompile>
    <ClCompile Include="src\Services\API\ApiClient.cpp">
      <Filter>Services\API</Filter>
    </ClCompile>
    <ClCompile Include="src\Loader\EAddonFlags.cpp">
      <Filter>Loader\Enums</Filter>
    </ClCompile>
    <ClCompile Include="src\Loader\AddonDefinition.cpp">
      <Filter>Loader\Structs</Filter>
    </ClCompile>
    <ClCompile Include="src\Services\Localization\Localization.cpp">
      <Filter>Services\Localization</Filter>
    </ClCompile>
    <ClCompile Include="src\Events\EventSubscriber.cpp">
      <Filter>Events</Filter>
    </ClCompile>
    <ClCompile Include="src\Loader\ArcDPS.cpp">
      <Filter>Loader</Filter>
    </ClCompile>
    <ClCompile Include="src\Loader\Library.cpp">
      <Filter>Loader</Filter>
    </ClCompile>
    <ClCompile Include="src\Services\Updater\Updater.cpp">
      <Filter>Services\Updater</Filter>
    </ClCompile>
    <ClCompile Include="src\GUI\Widgets\Options\COptionsWindow.cpp">
      <Filter>GUI\Widgets\Options</Filter>
    </ClCompile>
    <ClCompile Include="src\Util\Strings.cpp">
      <Filter>Util</Filter>
    </ClCompile>
    <ClCompile Include="src\Util\MD5.cpp">
      <Filter>Util</Filter>
    </ClCompile>
    <ClCompile Include="src\Util\Url.cpp">
      <Filter>Util</Filter>
    </ClCompile>
    <ClCompile Include="src\Util\Base64.cpp">
      <Filter>Util</Filter>
    </ClCompile>
    <ClCompile Include="src\Loader\EUpdateProvider.cpp">
      <Filter>Loader\Enums</Filter>
    </ClCompile>
    <ClCompile Include="src\Util\Time.cpp">
      <Filter>Util</Filter>
    </ClCompile>
    <ClCompile Include="src\Util\Paths.cpp">
      <Filter>Util</Filter>
    </ClCompile>
    <ClCompile Include="src\Util\Resources.cpp">
      <Filter>Util</Filter>
    </ClCompile>
    <ClCompile Include="src\Util\DLL.cpp">
      <Filter>Util</Filter>
    </ClCompile>
    <ClCompile Include="src\Inputs\GameBinds\GameBindsHandler.cpp">
      <Filter>Inputs\GameBinds</Filter>
    </ClCompile>
    <ClCompile Include="src\Util\Inputs.cpp">
      <Filter>Util</Filter>
    </ClCompile>
    <ClCompile Include="src\Loader\AddonVersion.cpp">
      <Filter>Loader\Structs</Filter>
    </ClCompile>
    <ClCompile Include="src\Util\Memory.cpp">
      <Filter>Util</Filter>
    </ClCompile>
    <ClCompile Include="src\UI\Controls\CtlSubWindow.cpp">
      <Filter>UI\Controls</Filter>
    </ClCompile>
    <ClCompile Include="src\UI\Services\QoL\EscapeClosing.cpp">
      <Filter>UI\Services\QoL</Filter>
    </ClCompile>
    <ClCompile Include="src\UI\UiContext.cpp">
      <Filter>UI</Filter>
    </ClCompile>
    <ClCompile Include="src\UI\Services\Fonts\FontManager.cpp">
      <Filter>UI\Services\Fonts</Filter>
    </ClCompile>
    <ClCompile Include="src\UI\Widgets\QuickAccess\QuickAccess.cpp">
      <Filter>UI\Widgets\QuickAccess</Filter>
    </ClCompile>
    <ClCompile Include="src\UI\Widgets\Alerts\Alerts.cpp">
      <Filter>UI\Widgets\Alerts</Filter>
    </ClCompile>
    <ClCompile Include="src\UI\Widgets\MainWindow\MainWindow.cpp">
      <Filter>UI\Widgets\MainWindow</Filter>
    </ClCompile>
    <ClCompile Include="src\UI\Widgets\EULA\EULAModal.cpp">
      <Filter>UI\Widgets\EULA</Filter>
    </ClCompile>
    <ClCompile Include="src\thirdparty\ImAnimate\ImAnimate.cpp">
      <Filter>_EXTERNAL\ImAnimate</Filter>
    </ClCompile>
    <ClCompile Include="src\Context.cpp">
      <Filter>Source Files</Filter>
    </ClCompile>
    <ClCompile Include="src\UI\Widgets\MainWindow\About\About.cpp">
      <Filter>UI\Widgets\MainWindow\Pages\About</Filter>
    </ClCompile>
    <ClCompile Include="src\UI\Widgets\MainWindow\Addons\Addons.cpp">
      <Filter>UI\Widgets\MainWindow\Pages\Addons</Filter>
    </ClCompile>
    <ClCompile Include="src\UI\Widgets\MainWindow\Binds\Binds.cpp">
      <Filter>UI\Widgets\MainWindow\Pages\Binds</Filter>
    </ClCompile>
    <ClCompile Include="src\UI\Widgets\MainWindow\Debug\Debug.cpp">
      <Filter>UI\Widgets\MainWindow\Pages\Debug</Filter>
    </ClCompile>
    <ClCompile Include="src\UI\Widgets\MainWindow\Log\Log.cpp">
      <Filter>UI\Widgets\MainWindow\Pages\Log</Filter>
    </ClCompile>
    <ClCompile Include="src\UI\Widgets\MainWindow\Options\Options.cpp">
      <Filter>UI\Widgets\MainWindow\Pages\Options</Filter>
    </ClCompile>
    <ClCompile Include="src\UI\Overlay\MumbleInspector\MumbleInspector.cpp">
      <Filter>UI\Widgets\Overlay\MumbleInspector</Filter>
    </ClCompile>
    <ClCompile Include="src\UI\Controls\CtlWindow.cpp">
      <Filter>UI\Controls</Filter>
    </ClCompile>
    <ClCompile Include="src\UI\Widgets\MainWindow\Addons\AddonItem.cpp">
      <Filter>UI\Widgets\MainWindow\Pages\Addons</Filter>
    </ClCompile>
  </ItemGroup>
  <ItemGroup>
    <ClInclude Include="src\thirdparty\imgui\imstb_truetype.h">
      <Filter>_EXTERNAL\imgui</Filter>
    </ClInclude>
    <ClInclude Include="src\thirdparty\imgui\imstb_textedit.h">
      <Filter>_EXTERNAL\imgui</Filter>
    </ClInclude>
    <ClInclude Include="src\thirdparty\imgui\imstb_rectpack.h">
      <Filter>_EXTERNAL\imgui</Filter>
    </ClInclude>
    <ClInclude Include="src\thirdparty\imgui\imgui_internal.h">
      <Filter>_EXTERNAL\imgui</Filter>
    </ClInclude>
    <ClInclude Include="src\thirdparty\imgui\imgui.h">
      <Filter>_EXTERNAL\imgui</Filter>
    </ClInclude>
    <ClInclude Include="src\thirdparty\imgui\imconfig.h">
      <Filter>_EXTERNAL\imgui</Filter>
    </ClInclude>
    <ClInclude Include="src\thirdparty\imgui\imgui_impl_win32.h">
      <Filter>_EXTERNAL\imgui</Filter>
    </ClInclude>
    <ClInclude Include="src\thirdparty\imgui\imgui_impl_dx11.h">
      <Filter>_EXTERNAL\imgui</Filter>
    </ClInclude>
    <ClInclude Include="src\thirdparty\minhook\mh_hook.h">
      <Filter>_EXTERNAL\minhook</Filter>
    </ClInclude>
    <ClInclude Include="src\thirdparty\minhook\mh_trampoline.h">
      <Filter>_EXTERNAL\minhook</Filter>
    </ClInclude>
    <ClInclude Include="src\thirdparty\minhook\mh_disasm.h">
      <Filter>_EXTERNAL\minhook</Filter>
    </ClInclude>
    <ClInclude Include="src\thirdparty\minhook\mh_buffer.h">
      <Filter>_EXTERNAL\minhook</Filter>
    </ClInclude>
    <ClInclude Include="src\Services\Logging\CFileLogger.h">
      <Filter>Services\Logging</Filter>
    </ClInclude>
    <ClInclude Include="src\Services\Logging\ILogger.h">
      <Filter>Services\Logging</Filter>
    </ClInclude>
    <ClInclude Include="src\Services\Logging\LogEntry.h">
      <Filter>Services\Logging</Filter>
    </ClInclude>
    <ClInclude Include="src\Services\Logging\LogHandler.h">
      <Filter>Services\Logging</Filter>
    </ClInclude>
    <ClInclude Include="src\Services\Logging\ELogLevel.h">
      <Filter>Services\Logging</Filter>
    </ClInclude>
    <ClInclude Include="src\Services\Logging\CConsoleLogger.h">
      <Filter>Services\Logging</Filter>
    </ClInclude>
    <ClInclude Include="src\Services\Mumble\Reader.h">
      <Filter>Services\Mumble</Filter>
    </ClInclude>
    <ClInclude Include="src\Events\EventHandler.h">
      <Filter>Events</Filter>
    </ClInclude>
    <ClInclude Include="src\Inputs\InputBinds\InputBindHandler.h">
      <Filter>Inputs\InputBinds</Filter>
    </ClInclude>
    <ClInclude Include="src\State.h">
      <Filter>_GLOBAL</Filter>
    </ClInclude>
    <ClInclude Include="src\Index.h">
      <Filter>_GLOBAL</Filter>
    </ClInclude>
    <ClInclude Include="src\Hooks.h">
      <Filter>_GLOBAL</Filter>
    </ClInclude>
    <ClInclude Include="src\Renderer.h">
      <Filter>_GLOBAL</Filter>
    </ClInclude>
    <ClInclude Include="src\Shared.h">
      <Filter>_GLOBAL</Filter>
    </ClInclude>
    <ClInclude Include="src\Services\Localization\Localization.h">
      <Filter>Services\Localization</Filter>
    </ClInclude>
    <ClInclude Include="src\Inputs\InputBinds\InputBind.h">
      <Filter>Inputs\InputBinds</Filter>
    </ClInclude>
    <ClInclude Include="src\thirdparty\imgui\imgui_extensions.h">
      <Filter>_EXTERNAL\imgui</Filter>
    </ClInclude>
    <ClInclude Include="src\Loader\Loader.h">
      <Filter>Loader</Filter>
    </ClInclude>
    <ClInclude Include="src\Services\DataLink\DataLink.h">
      <Filter>Services\DataLink</Filter>
    </ClInclude>
    <ClInclude Include="src\Services\DataLink\LinkedResource.h">
      <Filter>Services\DataLink</Filter>
    </ClInclude>
    <ClInclude Include="src\Services\Textures\TextureLoader.h">
      <Filter>Services\Textures</Filter>
    </ClInclude>
    <ClInclude Include="src\Services\DataLink\FuncDefs.h">
      <Filter>Services\DataLink</Filter>
    </ClInclude>
    <ClInclude Include="src\Events\FuncDefs.h">
      <Filter>Events</Filter>
    </ClInclude>
    <ClInclude Include="src\Inputs\InputBinds\FuncDefs.h">
      <Filter>Inputs\InputBinds</Filter>
    </ClInclude>
    <ClInclude Include="src\Services\Logging\FuncDefs.h">
      <Filter>Services\Logging</Filter>
    </ClInclude>
    <ClInclude Include="src\Services\Textures\FuncDefs.h">
      <Filter>Services\Textures</Filter>
    </ClInclude>
    <ClInclude Include="src\Services\Textures\Texture.h">
      <Filter>Services\Textures</Filter>
    </ClInclude>
    <ClInclude Include="src\Services\Textures\QueuedTexture.h">
      <Filter>Services\Textures</Filter>
    </ClInclude>
    <ClInclude Include="src\Loader\FuncDefs.h">
      <Filter>Loader</Filter>
    </ClInclude>
    <ClInclude Include="src\Consts.h">
      <Filter>_GLOBAL</Filter>
    </ClInclude>
    <ClInclude Include="src\Inputs\InputBinds\ManagedInputBind.h">
      <Filter>Inputs\InputBinds</Filter>
    </ClInclude>
    <ClInclude Include="src\Services\Settings\Settings.h">
      <Filter>Services\Settings</Filter>
    </ClInclude>
    <ClInclude Include="src\Services\API\APIController.h">
      <Filter>Services\API</Filter>
    </ClInclude>
    <ClInclude Include="src\Services\API\ActiveToken.h">
      <Filter>Services\API</Filter>
    </ClInclude>
    <ClInclude Include="src\thirdparty\imgui\imgui_memory_editor.h">
      <Filter>_EXTERNAL\imgui</Filter>
    </ClInclude>
    <ClInclude Include="src\Inputs\RawInput\RawInputApi.h">
      <Filter>Inputs\RawInput</Filter>
    </ClInclude>
    <ClInclude Include="src\Inputs\RawInput\FuncDefs.h">
      <Filter>Inputs\RawInput</Filter>
    </ClInclude>
    <ClInclude Include="src\thirdparty\openssl\aes.h">
      <Filter>_EXTERNAL\openssl</Filter>
    </ClInclude>
    <ClInclude Include="src\thirdparty\openssl\asn1.h">
      <Filter>_EXTERNAL\openssl</Filter>
    </ClInclude>
    <ClInclude Include="src\thirdparty\openssl\asn1err.h">
      <Filter>_EXTERNAL\openssl</Filter>
    </ClInclude>
    <ClInclude Include="src\thirdparty\openssl\asn1t.h">
      <Filter>_EXTERNAL\openssl</Filter>
    </ClInclude>
    <ClInclude Include="src\thirdparty\openssl\asn1_mac.h">
      <Filter>_EXTERNAL\openssl</Filter>
    </ClInclude>
    <ClInclude Include="src\thirdparty\openssl\async.h">
      <Filter>_EXTERNAL\openssl</Filter>
    </ClInclude>
    <ClInclude Include="src\thirdparty\openssl\asyncerr.h">
      <Filter>_EXTERNAL\openssl</Filter>
    </ClInclude>
    <ClInclude Include="src\thirdparty\openssl\bio.h">
      <Filter>_EXTERNAL\openssl</Filter>
    </ClInclude>
    <ClInclude Include="src\thirdparty\openssl\bioerr.h">
      <Filter>_EXTERNAL\openssl</Filter>
    </ClInclude>
    <ClInclude Include="src\thirdparty\openssl\blowfish.h">
      <Filter>_EXTERNAL\openssl</Filter>
    </ClInclude>
    <ClInclude Include="src\thirdparty\openssl\bn.h">
      <Filter>_EXTERNAL\openssl</Filter>
    </ClInclude>
    <ClInclude Include="src\thirdparty\openssl\bnerr.h">
      <Filter>_EXTERNAL\openssl</Filter>
    </ClInclude>
    <ClInclude Include="src\thirdparty\openssl\buffer.h">
      <Filter>_EXTERNAL\openssl</Filter>
    </ClInclude>
    <ClInclude Include="src\thirdparty\openssl\buffererr.h">
      <Filter>_EXTERNAL\openssl</Filter>
    </ClInclude>
    <ClInclude Include="src\thirdparty\openssl\camellia.h">
      <Filter>_EXTERNAL\openssl</Filter>
    </ClInclude>
    <ClInclude Include="src\thirdparty\openssl\cast.h">
      <Filter>_EXTERNAL\openssl</Filter>
    </ClInclude>
    <ClInclude Include="src\thirdparty\openssl\cmac.h">
      <Filter>_EXTERNAL\openssl</Filter>
    </ClInclude>
    <ClInclude Include="src\thirdparty\openssl\cmp.h">
      <Filter>_EXTERNAL\openssl</Filter>
    </ClInclude>
    <ClInclude Include="src\thirdparty\openssl\cmperr.h">
      <Filter>_EXTERNAL\openssl</Filter>
    </ClInclude>
    <ClInclude Include="src\thirdparty\openssl\cmp_util.h">
      <Filter>_EXTERNAL\openssl</Filter>
    </ClInclude>
    <ClInclude Include="src\thirdparty\openssl\cms.h">
      <Filter>_EXTERNAL\openssl</Filter>
    </ClInclude>
    <ClInclude Include="src\thirdparty\openssl\cmserr.h">
      <Filter>_EXTERNAL\openssl</Filter>
    </ClInclude>
    <ClInclude Include="src\thirdparty\openssl\comp.h">
      <Filter>_EXTERNAL\openssl</Filter>
    </ClInclude>
    <ClInclude Include="src\thirdparty\openssl\comperr.h">
      <Filter>_EXTERNAL\openssl</Filter>
    </ClInclude>
    <ClInclude Include="src\thirdparty\openssl\conf.h">
      <Filter>_EXTERNAL\openssl</Filter>
    </ClInclude>
    <ClInclude Include="src\thirdparty\openssl\conferr.h">
      <Filter>_EXTERNAL\openssl</Filter>
    </ClInclude>
    <ClInclude Include="src\thirdparty\openssl\configuration.h">
      <Filter>_EXTERNAL\openssl</Filter>
    </ClInclude>
    <ClInclude Include="src\thirdparty\openssl\conftypes.h">
      <Filter>_EXTERNAL\openssl</Filter>
    </ClInclude>
    <ClInclude Include="src\thirdparty\openssl\conf_api.h">
      <Filter>_EXTERNAL\openssl</Filter>
    </ClInclude>
    <ClInclude Include="src\thirdparty\openssl\core.h">
      <Filter>_EXTERNAL\openssl</Filter>
    </ClInclude>
    <ClInclude Include="src\thirdparty\openssl\core_dispatch.h">
      <Filter>_EXTERNAL\openssl</Filter>
    </ClInclude>
    <ClInclude Include="src\thirdparty\openssl\core_names.h">
      <Filter>_EXTERNAL\openssl</Filter>
    </ClInclude>
    <ClInclude Include="src\thirdparty\openssl\core_object.h">
      <Filter>_EXTERNAL\openssl</Filter>
    </ClInclude>
    <ClInclude Include="src\thirdparty\openssl\crmf.h">
      <Filter>_EXTERNAL\openssl</Filter>
    </ClInclude>
    <ClInclude Include="src\thirdparty\openssl\crmferr.h">
      <Filter>_EXTERNAL\openssl</Filter>
    </ClInclude>
    <ClInclude Include="src\thirdparty\openssl\crypto.h">
      <Filter>_EXTERNAL\openssl</Filter>
    </ClInclude>
    <ClInclude Include="src\thirdparty\openssl\cryptoerr.h">
      <Filter>_EXTERNAL\openssl</Filter>
    </ClInclude>
    <ClInclude Include="src\thirdparty\openssl\cryptoerr_legacy.h">
      <Filter>_EXTERNAL\openssl</Filter>
    </ClInclude>
    <ClInclude Include="src\thirdparty\openssl\ct.h">
      <Filter>_EXTERNAL\openssl</Filter>
    </ClInclude>
    <ClInclude Include="src\thirdparty\openssl\cterr.h">
      <Filter>_EXTERNAL\openssl</Filter>
    </ClInclude>
    <ClInclude Include="src\thirdparty\openssl\decoder.h">
      <Filter>_EXTERNAL\openssl</Filter>
    </ClInclude>
    <ClInclude Include="src\thirdparty\openssl\decodererr.h">
      <Filter>_EXTERNAL\openssl</Filter>
    </ClInclude>
    <ClInclude Include="src\thirdparty\openssl\des.h">
      <Filter>_EXTERNAL\openssl</Filter>
    </ClInclude>
    <ClInclude Include="src\thirdparty\openssl\dh.h">
      <Filter>_EXTERNAL\openssl</Filter>
    </ClInclude>
    <ClInclude Include="src\thirdparty\openssl\dherr.h">
      <Filter>_EXTERNAL\openssl</Filter>
    </ClInclude>
    <ClInclude Include="src\thirdparty\openssl\dsa.h">
      <Filter>_EXTERNAL\openssl</Filter>
    </ClInclude>
    <ClInclude Include="src\thirdparty\openssl\dsaerr.h">
      <Filter>_EXTERNAL\openssl</Filter>
    </ClInclude>
    <ClInclude Include="src\thirdparty\openssl\dtls1.h">
      <Filter>_EXTERNAL\openssl</Filter>
    </ClInclude>
    <ClInclude Include="src\thirdparty\openssl\ebcdic.h">
      <Filter>_EXTERNAL\openssl</Filter>
    </ClInclude>
    <ClInclude Include="src\thirdparty\openssl\ec.h">
      <Filter>_EXTERNAL\openssl</Filter>
    </ClInclude>
    <ClInclude Include="src\thirdparty\openssl\ecdh.h">
      <Filter>_EXTERNAL\openssl</Filter>
    </ClInclude>
    <ClInclude Include="src\thirdparty\openssl\ecdsa.h">
      <Filter>_EXTERNAL\openssl</Filter>
    </ClInclude>
    <ClInclude Include="src\thirdparty\openssl\ecerr.h">
      <Filter>_EXTERNAL\openssl</Filter>
    </ClInclude>
    <ClInclude Include="src\thirdparty\openssl\encoder.h">
      <Filter>_EXTERNAL\openssl</Filter>
    </ClInclude>
    <ClInclude Include="src\thirdparty\openssl\encodererr.h">
      <Filter>_EXTERNAL\openssl</Filter>
    </ClInclude>
    <ClInclude Include="src\thirdparty\openssl\engine.h">
      <Filter>_EXTERNAL\openssl</Filter>
    </ClInclude>
    <ClInclude Include="src\thirdparty\openssl\engineerr.h">
      <Filter>_EXTERNAL\openssl</Filter>
    </ClInclude>
    <ClInclude Include="src\thirdparty\openssl\err.h">
      <Filter>_EXTERNAL\openssl</Filter>
    </ClInclude>
    <ClInclude Include="src\thirdparty\openssl\ess.h">
      <Filter>_EXTERNAL\openssl</Filter>
    </ClInclude>
    <ClInclude Include="src\thirdparty\openssl\esserr.h">
      <Filter>_EXTERNAL\openssl</Filter>
    </ClInclude>
    <ClInclude Include="src\thirdparty\openssl\evp.h">
      <Filter>_EXTERNAL\openssl</Filter>
    </ClInclude>
    <ClInclude Include="src\thirdparty\openssl\evperr.h">
      <Filter>_EXTERNAL\openssl</Filter>
    </ClInclude>
    <ClInclude Include="src\thirdparty\openssl\e_os2.h">
      <Filter>_EXTERNAL\openssl</Filter>
    </ClInclude>
    <ClInclude Include="src\thirdparty\openssl\fipskey.h">
      <Filter>_EXTERNAL\openssl</Filter>
    </ClInclude>
    <ClInclude Include="src\thirdparty\openssl\fips_names.h">
      <Filter>_EXTERNAL\openssl</Filter>
    </ClInclude>
    <ClInclude Include="src\thirdparty\openssl\hmac.h">
      <Filter>_EXTERNAL\openssl</Filter>
    </ClInclude>
    <ClInclude Include="src\thirdparty\openssl\http.h">
      <Filter>_EXTERNAL\openssl</Filter>
    </ClInclude>
    <ClInclude Include="src\thirdparty\openssl\httperr.h">
      <Filter>_EXTERNAL\openssl</Filter>
    </ClInclude>
    <ClInclude Include="src\thirdparty\openssl\idea.h">
      <Filter>_EXTERNAL\openssl</Filter>
    </ClInclude>
    <ClInclude Include="src\thirdparty\openssl\kdf.h">
      <Filter>_EXTERNAL\openssl</Filter>
    </ClInclude>
    <ClInclude Include="src\thirdparty\openssl\kdferr.h">
      <Filter>_EXTERNAL\openssl</Filter>
    </ClInclude>
    <ClInclude Include="src\thirdparty\openssl\lhash.h">
      <Filter>_EXTERNAL\openssl</Filter>
    </ClInclude>
    <ClInclude Include="src\thirdparty\openssl\macros.h">
      <Filter>_EXTERNAL\openssl</Filter>
    </ClInclude>
    <ClInclude Include="src\thirdparty\openssl\md2.h">
      <Filter>_EXTERNAL\openssl</Filter>
    </ClInclude>
    <ClInclude Include="src\thirdparty\openssl\md4.h">
      <Filter>_EXTERNAL\openssl</Filter>
    </ClInclude>
    <ClInclude Include="src\thirdparty\openssl\md5.h">
      <Filter>_EXTERNAL\openssl</Filter>
    </ClInclude>
    <ClInclude Include="src\thirdparty\openssl\mdc2.h">
      <Filter>_EXTERNAL\openssl</Filter>
    </ClInclude>
    <ClInclude Include="src\thirdparty\openssl\modes.h">
      <Filter>_EXTERNAL\openssl</Filter>
    </ClInclude>
    <ClInclude Include="src\thirdparty\openssl\objects.h">
      <Filter>_EXTERNAL\openssl</Filter>
    </ClInclude>
    <ClInclude Include="src\thirdparty\openssl\objectserr.h">
      <Filter>_EXTERNAL\openssl</Filter>
    </ClInclude>
    <ClInclude Include="src\thirdparty\openssl\obj_mac.h">
      <Filter>_EXTERNAL\openssl</Filter>
    </ClInclude>
    <ClInclude Include="src\thirdparty\openssl\ocsp.h">
      <Filter>_EXTERNAL\openssl</Filter>
    </ClInclude>
    <ClInclude Include="src\thirdparty\openssl\ocsperr.h">
      <Filter>_EXTERNAL\openssl</Filter>
    </ClInclude>
    <ClInclude Include="src\thirdparty\openssl\opensslconf.h">
      <Filter>_EXTERNAL\openssl</Filter>
    </ClInclude>
    <ClInclude Include="src\thirdparty\openssl\opensslv.h">
      <Filter>_EXTERNAL\openssl</Filter>
    </ClInclude>
    <ClInclude Include="src\thirdparty\openssl\ossl_typ.h">
      <Filter>_EXTERNAL\openssl</Filter>
    </ClInclude>
    <ClInclude Include="src\thirdparty\openssl\params.h">
      <Filter>_EXTERNAL\openssl</Filter>
    </ClInclude>
    <ClInclude Include="src\thirdparty\openssl\param_build.h">
      <Filter>_EXTERNAL\openssl</Filter>
    </ClInclude>
    <ClInclude Include="src\thirdparty\openssl\pem.h">
      <Filter>_EXTERNAL\openssl</Filter>
    </ClInclude>
    <ClInclude Include="src\thirdparty\openssl\pem2.h">
      <Filter>_EXTERNAL\openssl</Filter>
    </ClInclude>
    <ClInclude Include="src\thirdparty\openssl\pemerr.h">
      <Filter>_EXTERNAL\openssl</Filter>
    </ClInclude>
    <ClInclude Include="src\thirdparty\openssl\pkcs12.h">
      <Filter>_EXTERNAL\openssl</Filter>
    </ClInclude>
    <ClInclude Include="src\thirdparty\openssl\pkcs12err.h">
      <Filter>_EXTERNAL\openssl</Filter>
    </ClInclude>
    <ClInclude Include="src\thirdparty\openssl\pkcs7.h">
      <Filter>_EXTERNAL\openssl</Filter>
    </ClInclude>
    <ClInclude Include="src\thirdparty\openssl\pkcs7err.h">
      <Filter>_EXTERNAL\openssl</Filter>
    </ClInclude>
    <ClInclude Include="src\thirdparty\openssl\proverr.h">
      <Filter>_EXTERNAL\openssl</Filter>
    </ClInclude>
    <ClInclude Include="src\thirdparty\openssl\provider.h">
      <Filter>_EXTERNAL\openssl</Filter>
    </ClInclude>
    <ClInclude Include="src\thirdparty\openssl\prov_ssl.h">
      <Filter>_EXTERNAL\openssl</Filter>
    </ClInclude>
    <ClInclude Include="src\thirdparty\openssl\rand.h">
      <Filter>_EXTERNAL\openssl</Filter>
    </ClInclude>
    <ClInclude Include="src\thirdparty\openssl\randerr.h">
      <Filter>_EXTERNAL\openssl</Filter>
    </ClInclude>
    <ClInclude Include="src\thirdparty\openssl\rc2.h">
      <Filter>_EXTERNAL\openssl</Filter>
    </ClInclude>
    <ClInclude Include="src\thirdparty\openssl\rc4.h">
      <Filter>_EXTERNAL\openssl</Filter>
    </ClInclude>
    <ClInclude Include="src\thirdparty\openssl\rc5.h">
      <Filter>_EXTERNAL\openssl</Filter>
    </ClInclude>
    <ClInclude Include="src\thirdparty\openssl\ripemd.h">
      <Filter>_EXTERNAL\openssl</Filter>
    </ClInclude>
    <ClInclude Include="src\thirdparty\openssl\rsa.h">
      <Filter>_EXTERNAL\openssl</Filter>
    </ClInclude>
    <ClInclude Include="src\thirdparty\openssl\rsaerr.h">
      <Filter>_EXTERNAL\openssl</Filter>
    </ClInclude>
    <ClInclude Include="src\thirdparty\openssl\safestack.h">
      <Filter>_EXTERNAL\openssl</Filter>
    </ClInclude>
    <ClInclude Include="src\thirdparty\openssl\seed.h">
      <Filter>_EXTERNAL\openssl</Filter>
    </ClInclude>
    <ClInclude Include="src\thirdparty\openssl\self_test.h">
      <Filter>_EXTERNAL\openssl</Filter>
    </ClInclude>
    <ClInclude Include="src\thirdparty\openssl\sha.h">
      <Filter>_EXTERNAL\openssl</Filter>
    </ClInclude>
    <ClInclude Include="src\thirdparty\openssl\srp.h">
      <Filter>_EXTERNAL\openssl</Filter>
    </ClInclude>
    <ClInclude Include="src\thirdparty\openssl\srtp.h">
      <Filter>_EXTERNAL\openssl</Filter>
    </ClInclude>
    <ClInclude Include="src\thirdparty\openssl\ssl.h">
      <Filter>_EXTERNAL\openssl</Filter>
    </ClInclude>
    <ClInclude Include="src\thirdparty\openssl\ssl2.h">
      <Filter>_EXTERNAL\openssl</Filter>
    </ClInclude>
    <ClInclude Include="src\thirdparty\openssl\ssl3.h">
      <Filter>_EXTERNAL\openssl</Filter>
    </ClInclude>
    <ClInclude Include="src\thirdparty\openssl\sslerr.h">
      <Filter>_EXTERNAL\openssl</Filter>
    </ClInclude>
    <ClInclude Include="src\thirdparty\openssl\sslerr_legacy.h">
      <Filter>_EXTERNAL\openssl</Filter>
    </ClInclude>
    <ClInclude Include="src\thirdparty\openssl\stack.h">
      <Filter>_EXTERNAL\openssl</Filter>
    </ClInclude>
    <ClInclude Include="src\thirdparty\openssl\store.h">
      <Filter>_EXTERNAL\openssl</Filter>
    </ClInclude>
    <ClInclude Include="src\thirdparty\openssl\storeerr.h">
      <Filter>_EXTERNAL\openssl</Filter>
    </ClInclude>
    <ClInclude Include="src\thirdparty\openssl\symhacks.h">
      <Filter>_EXTERNAL\openssl</Filter>
    </ClInclude>
    <ClInclude Include="src\thirdparty\openssl\tls1.h">
      <Filter>_EXTERNAL\openssl</Filter>
    </ClInclude>
    <ClInclude Include="src\thirdparty\openssl\trace.h">
      <Filter>_EXTERNAL\openssl</Filter>
    </ClInclude>
    <ClInclude Include="src\thirdparty\openssl\ts.h">
      <Filter>_EXTERNAL\openssl</Filter>
    </ClInclude>
    <ClInclude Include="src\thirdparty\openssl\tserr.h">
      <Filter>_EXTERNAL\openssl</Filter>
    </ClInclude>
    <ClInclude Include="src\thirdparty\openssl\txt_db.h">
      <Filter>_EXTERNAL\openssl</Filter>
    </ClInclude>
    <ClInclude Include="src\thirdparty\openssl\types.h">
      <Filter>_EXTERNAL\openssl</Filter>
    </ClInclude>
    <ClInclude Include="src\thirdparty\openssl\ui.h">
      <Filter>_EXTERNAL\openssl</Filter>
    </ClInclude>
    <ClInclude Include="src\thirdparty\openssl\uierr.h">
      <Filter>_EXTERNAL\openssl</Filter>
    </ClInclude>
    <ClInclude Include="src\thirdparty\openssl\whrlpool.h">
      <Filter>_EXTERNAL\openssl</Filter>
    </ClInclude>
    <ClInclude Include="src\thirdparty\openssl\x509.h">
      <Filter>_EXTERNAL\openssl</Filter>
    </ClInclude>
    <ClInclude Include="src\thirdparty\openssl\x509err.h">
      <Filter>_EXTERNAL\openssl</Filter>
    </ClInclude>
    <ClInclude Include="src\thirdparty\openssl\x509v3.h">
      <Filter>_EXTERNAL\openssl</Filter>
    </ClInclude>
    <ClInclude Include="src\thirdparty\openssl\x509v3err.h">
      <Filter>_EXTERNAL\openssl</Filter>
    </ClInclude>
    <ClInclude Include="src\thirdparty\openssl\x509_vfy.h">
      <Filter>_EXTERNAL\openssl</Filter>
    </ClInclude>
    <ClInclude Include="src\thirdparty\openssl\__DECC_INCLUDE_EPILOGUE.H">
      <Filter>_EXTERNAL\openssl</Filter>
    </ClInclude>
    <ClInclude Include="src\thirdparty\openssl\__DECC_INCLUDE_PROLOGUE.H">
      <Filter>_EXTERNAL\openssl</Filter>
    </ClInclude>
    <ClInclude Include="src\Branch.h">
      <Filter>Header Files</Filter>
    </ClInclude>
    <ClInclude Include="src\Paths\FuncDefs.h">
      <Filter>Paths</Filter>
    </ClInclude>
    <ClInclude Include="src\Version.h">
      <Filter>Header Files</Filter>
    </ClInclude>
    <ClInclude Include="src\CrashHandler.h">
      <Filter>Header Files</Filter>
    </ClInclude>
    <ClInclude Include="src\resource.h">
      <Filter>Resource Files</Filter>
    </ClInclude>
    <ClInclude Include="src\thirdparty\stb\stb_image.h">
      <Filter>_EXTERNAL</Filter>
    </ClInclude>
    <ClInclude Include="src\thirdparty\nlohmann\json.hpp">
      <Filter>_EXTERNAL</Filter>
    </ClInclude>
    <ClInclude Include="src\thirdparty\httplib\httplib.h">
      <Filter>_EXTERNAL</Filter>
    </ClInclude>
    <ClInclude Include="src\Services\Multibox\Multibox.h">
      <Filter>Services\Multibox</Filter>
    </ClInclude>
    <ClInclude Include="src\Proxy.h">
      <Filter>_GLOBAL</Filter>
    </ClInclude>
    <ClInclude Include="src\Main.h">
      <Filter>Header Files</Filter>
    </ClInclude>
    <ClInclude Include="src\Services\API\APIRequest.h">
      <Filter>Services\API</Filter>
    </ClInclude>
    <ClInclude Include="src\Services\API\ApiClient.h">
      <Filter>Services\API</Filter>
    </ClInclude>
    <ClInclude Include="src\Services\API\CachedResponse.h">
      <Filter>Services\API</Filter>
    </ClInclude>
    <ClInclude Include="src\Services\API\APIResponse.h">
      <Filter>Services\API</Filter>
    </ClInclude>
    <ClInclude Include="src\Loader\Addon.h">
      <Filter>Loader\Structs</Filter>
    </ClInclude>
    <ClInclude Include="src\Loader\EUpdateProvider.h">
      <Filter>Loader\Enums</Filter>
    </ClInclude>
    <ClInclude Include="src\Loader\ELoaderAction.h">
      <Filter>Loader\Enums</Filter>
    </ClInclude>
    <ClInclude Include="src\Loader\EAddonState.h">
      <Filter>Loader\Enums</Filter>
    </ClInclude>
    <ClInclude Include="src\Loader\EAddonFlags.h">
      <Filter>Loader\Enums</Filter>
    </ClInclude>
    <ClInclude Include="src\Loader\LibraryAddon.h">
      <Filter>Loader\Structs</Filter>
    </ClInclude>
    <ClInclude Include="src\Loader\AddonDefinition.h">
      <Filter>Loader\Structs</Filter>
    </ClInclude>
    <ClInclude Include="src\Loader\AddonAPI.h">
      <Filter>Loader\Structs</Filter>
    </ClInclude>
    <ClInclude Include="src\Loader\NexusLinkData.h">
      <Filter>Loader\Structs</Filter>
    </ClInclude>
    <ClInclude Include="src\Services\Localization\FuncDefs.h">
      <Filter>Services\Localization</Filter>
    </ClInclude>
    <ClInclude Include="src\Events\EventSubscriber.h">
      <Filter>Events</Filter>
    </ClInclude>
    <ClInclude Include="src\Loader\ArcDPS.h">
      <Filter>Loader</Filter>
    </ClInclude>
    <ClInclude Include="src\Loader\Library.h">
      <Filter>Loader</Filter>
    </ClInclude>
    <ClInclude Include="src\Services\Updater\Updater.h">
      <Filter>Services\Updater</Filter>
    </ClInclude>
    <ClInclude Include="src\Util\Strings.h">
      <Filter>Util</Filter>
    </ClInclude>
    <ClInclude Include="src\Util\MD5.h">
      <Filter>Util</Filter>
    </ClInclude>
    <ClInclude Include="src\Util\Url.h">
      <Filter>Util</Filter>
    </ClInclude>
    <ClInclude Include="src\Util\Base64.h">
      <Filter>Util</Filter>
    </ClInclude>
    <ClInclude Include="src\Services\Updater\FuncDefs.h">
      <Filter>Services\Updater</Filter>
    </ClInclude>
    <ClInclude Include="src\Services\Mumble\Definitions\Mumble.h">
      <Filter>Services\Mumble</Filter>
    </ClInclude>
    <ClInclude Include="src\Util\Time.h">
      <Filter>Util</Filter>
    </ClInclude>
    <ClInclude Include="src\Util\Paths.h">
      <Filter>Util</Filter>
    </ClInclude>
    <ClInclude Include="src\Util\Resources.h">
      <Filter>Util</Filter>
    </ClInclude>
    <ClInclude Include="src\Util\DLL.h">
      <Filter>Util</Filter>
    </ClInclude>
    <ClInclude Include="src\Inputs\GameBinds\GameBindsHandler.h">
      <Filter>Inputs\GameBinds</Filter>
    </ClInclude>
    <ClInclude Include="src\Inputs\GameBinds\EGameBinds.h">
      <Filter>Inputs\GameBinds\Enums</Filter>
    </ClInclude>
    <ClInclude Include="src\Util\Inputs.h">
      <Filter>Util</Filter>
    </ClInclude>
    <ClInclude Include="src\Loader\AddonVersion.h">
      <Filter>Loader\Structs</Filter>
    </ClInclude>
    <ClInclude Include="src\Inputs\GameBinds\FuncDefs.h">
      <Filter>Inputs\GameBinds</Filter>
    </ClInclude>
    <ClInclude Include="src\Util\Memory.h">
      <Filter>Util</Filter>
    </ClInclude>
    <ClInclude Include="src\Inputs\InputBinds\EInputBindHandlerType.h">
      <Filter>Inputs\InputBinds\Enums</Filter>
    </ClInclude>
    <ClInclude Include="src\Inputs\InputBinds\EInputBindType.h">
      <Filter>Inputs\InputBinds\Enums</Filter>
    </ClInclude>
    <ClInclude Include="src\UI\UiContext.h">
      <Filter>UI</Filter>
    </ClInclude>
    <ClInclude Include="src\UI\Controls\CtlSubWindow.h">
      <Filter>UI\Controls</Filter>
    </ClInclude>
    <ClInclude Include="src\UI\Services\QoL\EscapeClosing.h">
      <Filter>UI\Services\QoL</Filter>
    </ClInclude>
    <ClInclude Include="src\UI\FuncDefs.h">
      <Filter>UI</Filter>
    </ClInclude>
    <ClInclude Include="src\UI\Services\QoL\FuncDefs.h">
      <Filter>UI\Services\QoL</Filter>
    </ClInclude>
    <ClInclude Include="src\UI\ERenderType.h">
      <Filter>UI</Filter>
    </ClInclude>
    <ClInclude Include="src\UI\Services\Fonts\FontManager.h">
      <Filter>UI\Services\Fonts</Filter>
    </ClInclude>
    <ClInclude Include="src\UI\Services\Fonts\FuncDefs.h">
      <Filter>UI\Services\Fonts</Filter>
    </ClInclude>
    <ClInclude Include="src\UI\Widgets\MainWindow\MainWindow.h">
      <Filter>UI\Widgets\MainWindow</Filter>
    </ClInclude>
    <ClInclude Include="src\UI\Widgets\QuickAccess\QuickAccess.h">
      <Filter>UI\Widgets\QuickAccess</Filter>
    </ClInclude>
    <ClInclude Include="src\UI\Widgets\QuickAccess\EQAPosition.h">
      <Filter>UI\Widgets\QuickAccess</Filter>
    </ClInclude>
    <ClInclude Include="src\UI\Widgets\QuickAccess\EQAVisibility.h">
      <Filter>UI\Widgets\QuickAccess</Filter>
    </ClInclude>
    <ClInclude Include="src\UI\Widgets\QuickAccess\FuncDefs.h">
      <Filter>UI\Widgets\QuickAccess</Filter>
    </ClInclude>
    <ClInclude Include="src\UI\Widgets\QuickAccess\Shortcut.h">
      <Filter>UI\Widgets\QuickAccess</Filter>
    </ClInclude>
    <ClInclude Include="src\UI\Widgets\Alerts\FuncDefs.h">
      <Filter>UI\Widgets\Alerts</Filter>
    </ClInclude>
    <ClInclude Include="src\UI\Widgets\Alerts\Alerts.h">
      <Filter>UI\Widgets\Alerts</Filter>
    </ClInclude>
    <ClInclude Include="src\UI\Widgets\EULA\EULAModal.h">
      <Filter>UI\Widgets\EULA</Filter>
    </ClInclude>
    <ClInclude Include="src\thirdparty\ImAnimate\ImAnimate.h">
      <Filter>_EXTERNAL\ImAnimate</Filter>
    </ClInclude>
    <ClInclude Include="src\Context.h">
      <Filter>Header Files</Filter>
    </ClInclude>
    <ClInclude Include="src\UI\Widgets\MainWindow\About\About.h">
      <Filter>UI\Widgets\MainWindow\Pages\About</Filter>
    </ClInclude>
    <ClInclude Include="src\UI\Widgets\MainWindow\Addons\Addons.h">
      <Filter>UI\Widgets\MainWindow\Pages\Addons</Filter>
    </ClInclude>
    <ClInclude Include="src\UI\Widgets\MainWindow\Binds\Binds.h">
      <Filter>UI\Widgets\MainWindow\Pages\Binds</Filter>
    </ClInclude>
    <ClInclude Include="src\UI\Widgets\MainWindow\Debug\Debug.h">
      <Filter>UI\Widgets\MainWindow\Pages\Debug</Filter>
    </ClInclude>
    <ClInclude Include="src\UI\Widgets\MainWindow\Log\Log.h">
      <Filter>UI\Widgets\MainWindow\Pages\Log</Filter>
    </ClInclude>
    <ClInclude Include="src\UI\Widgets\MainWindow\Options\Options.h">
      <Filter>UI\Widgets\MainWindow\Pages\Options</Filter>
    </ClInclude>
    <ClInclude Include="src\UI\Overlay\MumbleInspector\MumbleInspector.h">
      <Filter>UI\Widgets\Overlay\MumbleInspector</Filter>
    </ClInclude>
    <ClInclude Include="src\UI\Controls\CtlWindow.h">
      <Filter>UI\Controls</Filter>
    </ClInclude>
    <ClInclude Include="src\Remote.h">
      <Filter>Header Files</Filter>
    </ClInclude>
    <ClInclude Include="src\UI\Widgets\MainWindow\Addons\AddonItem.h">
      <Filter>UI\Widgets\MainWindow\Pages\Addons</Filter>
    </ClInclude>
    <ClInclude Include="src\UI\Widgets\MainWindow\Addons\DisplayAddon.h">
      <Filter>UI\Widgets\MainWindow\Pages\Addons</Filter>
    </ClInclude>
    <ClInclude Include="src\UI\DisplayBinds.h">
      <Filter>UI</Filter>
    </ClInclude>
  </ItemGroup>
  <ItemGroup>
    <ResourceCompile Include="src\Nexus.rc">
      <Filter>Resource Files</Filter>
    </ResourceCompile>
  </ItemGroup>
  <ItemGroup>
    <None Include="src\exports.def">
      <Filter>Resource Files</Filter>
    </None>
    <None Include="src\Resources\bin64\arcdps_integration64.dll">
      <Filter>Resource Files\bin64</Filter>
    </None>
    <None Include="src\Resources\Locales\en_Main.json">
      <Filter>Resource Files\Locales</Filter>
    </None>
    <None Include="src\Resources\Locales\br_Main.json">
      <Filter>Resource Files\Locales</Filter>
    </None>
    <None Include="src\Resources\Locales\de_Main.json">
      <Filter>Resource Files\Locales</Filter>
    </None>
    <None Include="src\Resources\Locales\es_Main.json">
      <Filter>Resource Files\Locales</Filter>
    </None>
    <None Include="src\Resources\Locales\it_Main.json">
      <Filter>Resource Files\Locales</Filter>
    </None>
    <None Include="src\Resources\Locales\ru_Main.json">
      <Filter>Resource Files\Locales</Filter>
    </None>
    <None Include="src\Resources\Locales\cz_Main.json">
      <Filter>Resource Files\Locales</Filter>
    </None>
    <None Include="src\Resources\Locales\pl_Main.json">
      <Filter>Resource Files\Locales</Filter>
    </None>
    <None Include="src\Resources\Locales\fr_Main.json">
      <Filter>Resource Files\Locales</Filter>
    </None>
    <None Include="src\Resources\Locales\cn_Main.json">
      <Filter>Resource Files\Locales</Filter>
    </None>
  </ItemGroup>
  <ItemGroup>
    <Font Include="src\Resources\Fonts\Menomonia.ttf">
      <Filter>Resource Files\Fonts</Filter>
    </Font>
    <Font Include="src\Resources\Fonts\TrebuchetMS.ttf">
      <Filter>Resource Files\Fonts</Filter>
    </Font>
    <Font Include="src\Resources\Fonts\ProggyClean.ttf">
      <Filter>Resource Files\Fonts</Filter>
    </Font>
  </ItemGroup>
  <ItemGroup>
    <Image Include="src\Resources\QuickAccess\Generic.png">
      <Filter>Resource Files\Images\QuickAccess</Filter>
    </Image>
    <Image Include="src\Resources\QuickAccess\Generic_Hover.png">
      <Filter>Resource Files\Images\QuickAccess</Filter>
    </Image>
    <Image Include="src\Resources\QuickAccess\Nexus.png">
      <Filter>Resource Files\Images\QuickAccess</Filter>
    </Image>
    <Image Include="src\Resources\QuickAccess\Nexus_Hover.png">
      <Filter>Resource Files\Images\QuickAccess</Filter>
    </Image>
    <Image Include="src\Resources\QuickAccess\NexusHalloween.png">
      <Filter>Resource Files\Images\QuickAccess</Filter>
    </Image>
    <Image Include="src\Resources\QuickAccess\NexusHalloween_Hover.png">
      <Filter>Resource Files\Images\QuickAccess</Filter>
    </Image>
    <Image Include="src\Resources\QuickAccess\NexusXmas.png">
      <Filter>Resource Files\Images\QuickAccess</Filter>
    </Image>
    <Image Include="src\Resources\QuickAccess\NexusXmas_Hover.png">
      <Filter>Resource Files\Images\QuickAccess</Filter>
    </Image>
    <Image Include="src\Resources\Notification.png">
      <Filter>Resource Files\Images\QuickAccess</Filter>
    </Image>
    <Image Include="src\Resources\RaidcoreTag.png">
      <Filter>Resource Files\Images</Filter>
    </Image>
    <Image Include="src\Resources\icons\about.png">
      <Filter>Resource Files\Images\icons</Filter>
    </Image>
    <Image Include="src\Resources\icons\addonpolicy_notier.png">
      <Filter>Resource Files\Images\icons</Filter>
    </Image>
    <Image Include="src\Resources\icons\addonpolicy_tier1.png">
      <Filter>Resource Files\Images\icons</Filter>
    </Image>
    <Image Include="src\Resources\icons\addonpolicy_tier2.png">
      <Filter>Resource Files\Images\icons</Filter>
    </Image>
    <Image Include="src\Resources\icons\addonpolicy_tier3.png">
      <Filter>Resource Files\Images\icons</Filter>
    </Image>
    <Image Include="src\Resources\icons\addons.png">
      <Filter>Resource Files\Images\icons</Filter>
    </Image>
    <Image Include="src\Resources\icons\binds.png">
      <Filter>Resource Files\Images\icons</Filter>
    </Image>
    <Image Include="src\Resources\icons\close.png">
      <Filter>Resource Files\Images\icons</Filter>
    </Image>
    <Image Include="src\Resources\icons\debug.png">
      <Filter>Resource Files\Images\icons</Filter>
    </Image>
    <Image Include="src\Resources\icons\ext.png">
      <Filter>Resource Files\Images\icons</Filter>
    </Image>
    <Image Include="src\Resources\icons\home.png">
      <Filter>Resource Files\Images\icons</Filter>
    </Image>
    <Image Include="src\Resources\icons\log.png">
      <Filter>Resource Files\Images\icons</Filter>
    </Image>
    <Image Include="src\Resources\icons\refresh.png">
      <Filter>Resource Files\Images\icons</Filter>
    </Image>
    <Image Include="src\Resources\icons\settings.png">
      <Filter>Resource Files\Images\icons</Filter>
    </Image>
    <Image Include="src\Resources\banners\discord.png">
      <Filter>Resource Files\Images\banners</Filter>
    </Image>
    <Image Include="src\Resources\banners\patreon.png">
      <Filter>Resource Files\Images\banners</Filter>
    </Image>
    <Image Include="src\Resources\icons\chevron_rt.png">
      <Filter>Resource Files\Images\icons</Filter>
    </Image>
  </ItemGroup>
</Project>