<?xml version="1.0" encoding="utf-8"?>
<Project ToolsVersion="4.0" xmlns="http://schemas.microsoft.com/developer/msbuild/2003">
  <ItemGroup>
    <Filter Include="Source Files">
      <UniqueIdentifier>{4FC737F1-C7A5-4376-A066-2A32D752A2FF}</UniqueIdentifier>
      <Extensions>cpp;c;cc;cxx;c++;cppm;ixx;def;odl;idl;hpj;bat;asm;asmx</Extensions>
    </Filter>
    <Filter Include="Header Files">
      <UniqueIdentifier>{93995380-89BD-4b04-88EB-625FBE52EBFB}</UniqueIdentifier>
      <Extensions>h;hh;hpp;hxx;h++;hm;inl;inc;ipp;xsd</Extensions>
    </Filter>
    <Filter Include="Resource Files">
      <UniqueIdentifier>{67DA6AB6-F800-4c08-8B7A-83BB121AAD01}</UniqueIdentifier>
      <Extensions>rc;ico;cur;bmp;dlg;rc2;rct;bin;rgs;gif;jpg;jpeg;jpe;resx;tiff;tif;png;wav;mfcribbon-ms</Extensions>
    </Filter>
    <Filter Include="Logging">
      <UniqueIdentifier>{72f71e79-5933-4318-b293-5087228d8bf4}</UniqueIdentifier>
    </Filter>
    <Filter Include="Mumble">
      <UniqueIdentifier>{63ff3d3b-f85c-4e99-8c66-7638fa8d524f}</UniqueIdentifier>
    </Filter>
    <Filter Include="Loader">
      <UniqueIdentifier>{ef159aa7-0ceb-4ef5-a926-097dfc64a130}</UniqueIdentifier>
    </Filter>
    <Filter Include="Events">
      <UniqueIdentifier>{062ec4b8-2804-4978-b3c4-381b0cdd4b35}</UniqueIdentifier>
    </Filter>
    <Filter Include="Keybinds">
      <UniqueIdentifier>{f0552fcd-0842-4914-bd35-54f18d11b0cd}</UniqueIdentifier>
    </Filter>
    <Filter Include="Localization">
      <UniqueIdentifier>{7943e0f9-3a02-4820-bc47-49d1198f39b8}</UniqueIdentifier>
    </Filter>
    <Filter Include="GUI">
      <UniqueIdentifier>{8e3da8bf-b792-4844-a919-647f2d4786f6}</UniqueIdentifier>
    </Filter>
    <Filter Include="_GLOBAL">
      <UniqueIdentifier>{8e43094f-c05b-4eb0-9c90-afd74f653c5b}</UniqueIdentifier>
    </Filter>
    <Filter Include="GUI\Widgets">
      <UniqueIdentifier>{911cde00-7b9a-4d41-9272-bc884666c983}</UniqueIdentifier>
    </Filter>
    <Filter Include="GUI\Widgets\Log">
      <UniqueIdentifier>{18181f26-b91b-4aa3-b369-8ad04300c752}</UniqueIdentifier>
    </Filter>
    <Filter Include="GUI\Widgets\Addons">
      <UniqueIdentifier>{c991172a-2d10-4648-a529-d49c1325f759}</UniqueIdentifier>
    </Filter>
    <Filter Include="GUI\Widgets\About">
      <UniqueIdentifier>{f4d01667-1986-4ab9-96e8-a783ecd77243}</UniqueIdentifier>
    </Filter>
    <Filter Include="GUI\Widgets\Overlay">
      <UniqueIdentifier>{f86218d1-7120-4b72-9d7e-c97dbee918c7}</UniqueIdentifier>
    </Filter>
    <Filter Include="GUI\Widgets\Debug">
      <UniqueIdentifier>{c9b428d0-6faf-4a6c-90d5-d8264bb96899}</UniqueIdentifier>
    </Filter>
    <Filter Include="DataLink">
      <UniqueIdentifier>{bc75dd17-819f-48c8-a82d-b3b2dd12becb}</UniqueIdentifier>
    </Filter>
    <Filter Include="Textures">
      <UniqueIdentifier>{6389b79a-d0aa-4b99-97d2-74a74d8ec33b}</UniqueIdentifier>
    </Filter>
    <Filter Include="GUI\Widgets\QuickAccess">
      <UniqueIdentifier>{4c9af9fd-e1d8-4b1c-8a86-b5d5c91c500f}</UniqueIdentifier>
    </Filter>
    <Filter Include="GUI\Widgets\Menu">
      <UniqueIdentifier>{eeef4dfb-cf8e-4d2e-a1e7-657fe0b03f13}</UniqueIdentifier>
    </Filter>
    <Filter Include="Resource Files\Fonts">
      <UniqueIdentifier>{1893bf7b-bd45-42e7-ad87-1a27b5dd5c62}</UniqueIdentifier>
    </Filter>
    <Filter Include="Resource Files\Images">
      <UniqueIdentifier>{df3c3a30-d02f-4c04-a27c-cfaafff031bb}</UniqueIdentifier>
    </Filter>
    <Filter Include="Resource Files\Images\Menu">
      <UniqueIdentifier>{ba4ee355-8394-4c12-b6c5-e9b9dcfda39d}</UniqueIdentifier>
    </Filter>
    <Filter Include="GUI\Widgets\Options">
      <UniqueIdentifier>{b211fbda-c7b4-4d75-b2c9-6801eab1bc0a}</UniqueIdentifier>
    </Filter>
    <Filter Include="Settings">
      <UniqueIdentifier>{6eacccbc-bce6-44c6-b183-963cda72c287}</UniqueIdentifier>
    </Filter>
    <Filter Include="API">
      <UniqueIdentifier>{e65ccd89-40e0-4106-92d5-9e47ea8f3189}</UniqueIdentifier>
    </Filter>
    <Filter Include="WndProc">
      <UniqueIdentifier>{9bfe2e48-8bc4-40bd-a652-2237dd01af65}</UniqueIdentifier>
    </Filter>
    <Filter Include="Paths">
      <UniqueIdentifier>{b0fd71ca-41a2-4a72-a523-b30138c9dcef}</UniqueIdentifier>
    </Filter>
    <Filter Include="GUI\Widgets\EULA">
      <UniqueIdentifier>{fdc50f5d-b3a6-4446-89c4-7450b69cb75d}</UniqueIdentifier>
    </Filter>
    <Filter Include="GUI\Widgets\Changelog">
      <UniqueIdentifier>{be8ccf31-a4c8-4d59-9e7d-195975790006}</UniqueIdentifier>
    </Filter>
    <Filter Include="_EXTERNAL">
      <UniqueIdentifier>{04d6bcbc-bde2-4787-bd80-0289963e456b}</UniqueIdentifier>
    </Filter>
    <Filter Include="_EXTERNAL\openssl">
      <UniqueIdentifier>{43ee48c6-177b-4331-a9ce-76dfffac0f31}</UniqueIdentifier>
    </Filter>
    <Filter Include="_EXTERNAL\minhook">
      <UniqueIdentifier>{f68f9811-c527-445e-80e6-4195e50dfa70}</UniqueIdentifier>
    </Filter>
    <Filter Include="_EXTERNAL\imgui">
      <UniqueIdentifier>{9cf5a43b-f25a-40a9-985c-dc3e2c93acbb}</UniqueIdentifier>
    </Filter>
    <Filter Include="Multibox">
      <UniqueIdentifier>{a1bb18bc-73ac-4f45-bea0-8e830d61c56f}</UniqueIdentifier>
    </Filter>
    <Filter Include="Resource Files\Images\Backgrounds">
      <UniqueIdentifier>{938be6e2-4197-4fb0-a513-f396feecfc9a}</UniqueIdentifier>
    </Filter>
    <Filter Include="Resource Files\Images\AddonsWindow">
      <UniqueIdentifier>{83d6e4ae-4b45-4149-aad4-475bff0bc918}</UniqueIdentifier>
    </Filter>
    <Filter Include="Resource Files\Images\QuickAccess">
      <UniqueIdentifier>{c46e3486-9b1a-4bf8-bc57-adcaf1023e47}</UniqueIdentifier>
    </Filter>
    <Filter Include="Resource Files\bin64">
      <UniqueIdentifier>{86b26924-5f68-4789-a455-7a9aadb24c45}</UniqueIdentifier>
    </Filter>
  </ItemGroup>
  <ItemGroup>
    <ClCompile Include="Main.cpp">
      <Filter>Source Files</Filter>
    </ClCompile>
    <ClCompile Include="imgui\imgui_widgets.cpp">
      <Filter>_EXTERNAL\imgui</Filter>
    </ClCompile>
    <ClCompile Include="imgui\imgui_tables.cpp">
      <Filter>_EXTERNAL\imgui</Filter>
    </ClCompile>
    <ClCompile Include="imgui\imgui_draw.cpp">
      <Filter>_EXTERNAL\imgui</Filter>
    </ClCompile>
    <ClCompile Include="imgui\imgui.cpp">
      <Filter>_EXTERNAL\imgui</Filter>
    </ClCompile>
    <ClCompile Include="imgui\imgui_impl_win32.cpp">
      <Filter>_EXTERNAL\imgui</Filter>
    </ClCompile>
    <ClCompile Include="imgui\imgui_impl_dx11.cpp">
      <Filter>_EXTERNAL\imgui</Filter>
    </ClCompile>
    <ClCompile Include="minhook\mh_buffer.cpp">
      <Filter>_EXTERNAL\minhook</Filter>
    </ClCompile>
    <ClCompile Include="minhook\mh_disasm.cpp">
      <Filter>_EXTERNAL\minhook</Filter>
    </ClCompile>
    <ClCompile Include="minhook\mh_hook.cpp">
      <Filter>_EXTERNAL\minhook</Filter>
    </ClCompile>
    <ClCompile Include="minhook\mh_trampoline.cpp">
      <Filter>_EXTERNAL\minhook</Filter>
    </ClCompile>
    <ClCompile Include="Logging\FileLogger.cpp">
      <Filter>Logging</Filter>
    </ClCompile>
    <ClCompile Include="Logging\ILogger.cpp">
      <Filter>Logging</Filter>
    </ClCompile>
    <ClCompile Include="Logging\LogEntry.cpp">
      <Filter>Logging</Filter>
    </ClCompile>
    <ClCompile Include="Logging\LogHandler.cpp">
      <Filter>Logging</Filter>
    </ClCompile>
    <ClCompile Include="Logging\ConsoleLogger.cpp">
      <Filter>Logging</Filter>
    </ClCompile>
    <ClCompile Include="core.cpp">
      <Filter>Source Files</Filter>
    </ClCompile>
    <ClCompile Include="Mumble\Mumble.cpp">
      <Filter>Mumble</Filter>
    </ClCompile>
    <ClCompile Include="Events\EventHandler.cpp">
      <Filter>Events</Filter>
    </ClCompile>
    <ClCompile Include="Keybinds\KeybindHandler.cpp">
      <Filter>Keybinds</Filter>
    </ClCompile>
    <ClCompile Include="Paths.cpp">
      <Filter>_GLOBAL</Filter>
    </ClCompile>
    <ClCompile Include="State.cpp">
      <Filter>_GLOBAL</Filter>
    </ClCompile>
    <ClCompile Include="Hooks.cpp">
      <Filter>_GLOBAL</Filter>
    </ClCompile>
    <ClCompile Include="Renderer.cpp">
      <Filter>_GLOBAL</Filter>
    </ClCompile>
    <ClCompile Include="Shared.cpp">
      <Filter>_GLOBAL</Filter>
    </ClCompile>
    <ClCompile Include="Keybinds\Keybind.cpp">
      <Filter>Keybinds</Filter>
    </ClCompile>
    <ClCompile Include="GUI\GUI.cpp">
      <Filter>GUI</Filter>
    </ClCompile>
    <ClCompile Include="GUI\Widgets\About\AboutBox.cpp">
      <Filter>GUI\Widgets\About</Filter>
    </ClCompile>
    <ClCompile Include="GUI\Widgets\Addons\AddonsWindow.cpp">
      <Filter>GUI\Widgets\Addons</Filter>
    </ClCompile>
    <ClCompile Include="GUI\Widgets\Log\LogWindow.cpp">
      <Filter>GUI\Widgets\Log</Filter>
    </ClCompile>
    <ClCompile Include="GUI\Widgets\Overlay\MumbleOverlay.cpp">
      <Filter>GUI\Widgets\Overlay</Filter>
    </ClCompile>
    <ClCompile Include="Mumble\Identity.cpp">
      <Filter>Mumble</Filter>
    </ClCompile>
    <ClCompile Include="Loader\Loader.cpp">
      <Filter>Loader</Filter>
    </ClCompile>
    <ClCompile Include="Loader\AddonDefinition.cpp">
      <Filter>Loader</Filter>
    </ClCompile>
    <ClCompile Include="GUI\Widgets\Debug\DebugWindow.cpp">
      <Filter>GUI\Widgets\Debug</Filter>
    </ClCompile>
    <ClCompile Include="DataLink\DataLink.cpp">
      <Filter>DataLink</Filter>
    </ClCompile>
    <ClCompile Include="Textures\TextureLoader.cpp">
      <Filter>Textures</Filter>
    </ClCompile>
    <ClCompile Include="GUI\Widgets\QuickAccess\QuickAccess.cpp">
      <Filter>GUI\Widgets\QuickAccess</Filter>
    </ClCompile>
    <ClCompile Include="types.cpp">
      <Filter>Source Files</Filter>
    </ClCompile>
    <ClCompile Include="Consts.cpp">
      <Filter>_GLOBAL</Filter>
    </ClCompile>
    <ClCompile Include="Loader\EAddonFlags.cpp">
      <Filter>Loader</Filter>
    </ClCompile>
    <ClCompile Include="GUI\Widgets\Addons\AddonItem.cpp">
      <Filter>GUI\Widgets\Addons</Filter>
    </ClCompile>
    <ClCompile Include="GUI\Widgets\Menu\MenuItem.cpp">
      <Filter>GUI\Widgets\Menu</Filter>
    </ClCompile>
    <ClCompile Include="GUI\Widgets\Menu\Menu.cpp">
      <Filter>GUI\Widgets\Menu</Filter>
    </ClCompile>
    <ClCompile Include="GUI\Widgets\Options\OptionsWindow.cpp">
      <Filter>GUI\Widgets\Options</Filter>
    </ClCompile>
    <ClCompile Include="Settings\Settings.cpp">
      <Filter>Settings</Filter>
    </ClCompile>
    <ClCompile Include="API\APIController.cpp">
      <Filter>API</Filter>
    </ClCompile>
    <ClCompile Include="API\ActiveToken.cpp">
      <Filter>API</Filter>
    </ClCompile>
    <ClCompile Include="WndProc\WndProcHandler.cpp">
      <Filter>WndProc</Filter>
    </ClCompile>
    <ClCompile Include="openssl\applink.c">
      <Filter>_EXTERNAL\openssl</Filter>
    </ClCompile>
    <ClCompile Include="CrashHandler.cpp">
      <Filter>Source Files</Filter>
    </ClCompile>
    <ClCompile Include="GUI\Widgets\EULA\EULAModal.cpp">
      <Filter>GUI\Widgets\EULA</Filter>
    </ClCompile>
    <ClCompile Include="GUI\Widgets\Changelog\ChangelogWindow.cpp">
      <Filter>GUI\Widgets\Changelog</Filter>
    </ClCompile>
    <ClCompile Include="Multibox\Multibox.cpp">
      <Filter>Multibox</Filter>
    </ClCompile>
    <ClCompile Include="Proxy.cpp">
      <Filter>_GLOBAL</Filter>
    </ClCompile>
    <ClCompile Include="API\APIClient.cpp">
      <Filter>API</Filter>
    </ClCompile>
  </ItemGroup>
  <ItemGroup>
    <ClInclude Include="imgui\imstb_truetype.h">
      <Filter>_EXTERNAL\imgui</Filter>
    </ClInclude>
    <ClInclude Include="imgui\imstb_textedit.h">
      <Filter>_EXTERNAL\imgui</Filter>
    </ClInclude>
    <ClInclude Include="imgui\imstb_rectpack.h">
      <Filter>_EXTERNAL\imgui</Filter>
    </ClInclude>
    <ClInclude Include="imgui\imgui_internal.h">
      <Filter>_EXTERNAL\imgui</Filter>
    </ClInclude>
    <ClInclude Include="imgui\imgui.h">
      <Filter>_EXTERNAL\imgui</Filter>
    </ClInclude>
    <ClInclude Include="imgui\imconfig.h">
      <Filter>_EXTERNAL\imgui</Filter>
    </ClInclude>
    <ClInclude Include="imgui\imgui_impl_win32.h">
      <Filter>_EXTERNAL\imgui</Filter>
    </ClInclude>
    <ClInclude Include="imgui\imgui_impl_dx11.h">
      <Filter>_EXTERNAL\imgui</Filter>
    </ClInclude>
    <ClInclude Include="minhook\mh_hook.h">
      <Filter>_EXTERNAL\minhook</Filter>
    </ClInclude>
    <ClInclude Include="minhook\mh_trampoline.h">
      <Filter>_EXTERNAL\minhook</Filter>
    </ClInclude>
    <ClInclude Include="minhook\mh_disasm.h">
      <Filter>_EXTERNAL\minhook</Filter>
    </ClInclude>
    <ClInclude Include="minhook\mh_buffer.h">
      <Filter>_EXTERNAL\minhook</Filter>
    </ClInclude>
    <ClInclude Include="Logging\FileLogger.h">
      <Filter>Logging</Filter>
    </ClInclude>
    <ClInclude Include="Logging\ILogger.h">
      <Filter>Logging</Filter>
    </ClInclude>
    <ClInclude Include="Logging\LogEntry.h">
      <Filter>Logging</Filter>
    </ClInclude>
    <ClInclude Include="Logging\LogHandler.h">
      <Filter>Logging</Filter>
    </ClInclude>
    <ClInclude Include="Logging\ELogLevel.h">
      <Filter>Logging</Filter>
    </ClInclude>
    <ClInclude Include="Logging\ConsoleLogger.h">
      <Filter>Logging</Filter>
    </ClInclude>
    <ClInclude Include="core.h">
      <Filter>Header Files</Filter>
    </ClInclude>
    <ClInclude Include="Mumble\Mumble.h">
      <Filter>Mumble</Filter>
    </ClInclude>
    <ClInclude Include="Loader\AddonDefinition.h">
      <Filter>Loader</Filter>
    </ClInclude>
    <ClInclude Include="Loader\EUpdateProvider.h">
      <Filter>Loader</Filter>
    </ClInclude>
    <ClInclude Include="Events\EventHandler.h">
      <Filter>Events</Filter>
    </ClInclude>
    <ClInclude Include="Loader\AddonAPI.h">
      <Filter>Loader</Filter>
    </ClInclude>
    <ClInclude Include="Keybinds\KeybindHandler.h">
      <Filter>Keybinds</Filter>
    </ClInclude>
    <ClInclude Include="State.h">
      <Filter>_GLOBAL</Filter>
    </ClInclude>
    <ClInclude Include="Paths.h">
      <Filter>_GLOBAL</Filter>
    </ClInclude>
    <ClInclude Include="Hooks.h">
      <Filter>_GLOBAL</Filter>
    </ClInclude>
    <ClInclude Include="Renderer.h">
      <Filter>_GLOBAL</Filter>
    </ClInclude>
    <ClInclude Include="Shared.h">
      <Filter>_GLOBAL</Filter>
    </ClInclude>
    <ClInclude Include="Localization\Localization.h">
      <Filter>Localization</Filter>
    </ClInclude>
    <ClInclude Include="Keybinds\Keybind.h">
      <Filter>Keybinds</Filter>
    </ClInclude>
    <ClInclude Include="GUI\GUI.h">
      <Filter>GUI</Filter>
    </ClInclude>
    <ClInclude Include="imgui\imgui_extensions.h">
      <Filter>_EXTERNAL\imgui</Filter>
    </ClInclude>
    <ClInclude Include="GUI\IWindow.h">
      <Filter>GUI</Filter>
    </ClInclude>
    <ClInclude Include="GUI\Widgets\About\AboutBox.h">
      <Filter>GUI\Widgets\About</Filter>
    </ClInclude>
    <ClInclude Include="GUI\Widgets\Log\LogWindow.h">
      <Filter>GUI\Widgets\Log</Filter>
    </ClInclude>
    <ClInclude Include="GUI\Widgets\Overlay\MumbleOverlay.h">
      <Filter>GUI\Widgets\Overlay</Filter>
    </ClInclude>
    <ClInclude Include="Mumble\EMapType.h">
      <Filter>Mumble</Filter>
    </ClInclude>
    <ClInclude Include="Mumble\EMountIndex.h">
      <Filter>Mumble</Filter>
    </ClInclude>
    <ClInclude Include="Mumble\EProfession.h">
      <Filter>Mumble</Filter>
    </ClInclude>
    <ClInclude Include="Mumble\ESpecialization.h">
      <Filter>Mumble</Filter>
    </ClInclude>
    <ClInclude Include="Mumble\ERace.h">
      <Filter>Mumble</Filter>
    </ClInclude>
    <ClInclude Include="Mumble\EUIScale.h">
      <Filter>Mumble</Filter>
    </ClInclude>
    <ClInclude Include="Mumble\Compass.h">
      <Filter>Mumble</Filter>
    </ClInclude>
    <ClInclude Include="Mumble\Context.h">
      <Filter>Mumble</Filter>
    </ClInclude>
    <ClInclude Include="Mumble\LinkedMem.h">
      <Filter>Mumble</Filter>
    </ClInclude>
    <ClInclude Include="types.h">
      <Filter>Header Files</Filter>
    </ClInclude>
    <ClInclude Include="Mumble\Identity.h">
      <Filter>Mumble</Filter>
    </ClInclude>
    <ClInclude Include="Loader\Loader.h">
      <Filter>Loader</Filter>
    </ClInclude>
    <ClInclude Include="GUI\Widgets\Addons\AddonsWindow.h">
      <Filter>GUI\Widgets\Addons</Filter>
    </ClInclude>
    <ClInclude Include="GUI\Widgets\Debug\DebugWindow.h">
      <Filter>GUI\Widgets\Debug</Filter>
    </ClInclude>
    <ClInclude Include="DataLink\DataLink.h">
      <Filter>DataLink</Filter>
    </ClInclude>
    <ClInclude Include="DataLink\LinkedResource.h">
      <Filter>DataLink</Filter>
    </ClInclude>
    <ClInclude Include="Textures\TextureLoader.h">
      <Filter>Textures</Filter>
    </ClInclude>
    <ClInclude Include="DataLink\FuncDefs.h">
      <Filter>DataLink</Filter>
    </ClInclude>
    <ClInclude Include="Events\FuncDefs.h">
      <Filter>Events</Filter>
    </ClInclude>
    <ClInclude Include="Keybinds\FuncDefs.h">
      <Filter>Keybinds</Filter>
    </ClInclude>
    <ClInclude Include="Logging\FuncDefs.h">
      <Filter>Logging</Filter>
    </ClInclude>
    <ClInclude Include="Textures\FuncDefs.h">
      <Filter>Textures</Filter>
    </ClInclude>
    <ClInclude Include="Textures\Texture.h">
      <Filter>Textures</Filter>
    </ClInclude>
    <ClInclude Include="Textures\QueuedTexture.h">
      <Filter>Textures</Filter>
    </ClInclude>
    <ClInclude Include="Loader\FuncDefs.h">
      <Filter>Loader</Filter>
    </ClInclude>
    <ClInclude Include="GUI\Widgets\QuickAccess\QuickAccess.h">
      <Filter>GUI\Widgets\QuickAccess</Filter>
    </ClInclude>
    <ClInclude Include="GUI\Widgets\QuickAccess\FuncDefs.h">
      <Filter>GUI\Widgets\QuickAccess</Filter>
    </ClInclude>
    <ClInclude Include="GUI\Widgets\QuickAccess\Shortcut.h">
      <Filter>GUI\Widgets\QuickAccess</Filter>
    </ClInclude>
    <ClInclude Include="Consts.h">
      <Filter>_GLOBAL</Filter>
    </ClInclude>
    <ClInclude Include="Keybinds\ActiveKeybind.h">
      <Filter>Keybinds</Filter>
    </ClInclude>
    <ClInclude Include="Loader\EAddonFlags.h">
      <Filter>Loader</Filter>
    </ClInclude>
    <ClInclude Include="GUI\Widgets\Addons\AddonItem.h">
      <Filter>GUI\Widgets\Addons</Filter>
    </ClInclude>
    <ClInclude Include="GUI\Widgets\Menu\MenuItem.h">
      <Filter>GUI\Widgets\Menu</Filter>
    </ClInclude>
    <ClInclude Include="GUI\EFontIdentifier.h">
      <Filter>GUI</Filter>
    </ClInclude>
    <ClInclude Include="Loader\NexusLinkData.h">
      <Filter>Loader</Filter>
    </ClInclude>
    <ClInclude Include="GUI\Widgets\Menu\Menu.h">
      <Filter>GUI\Widgets\Menu</Filter>
    </ClInclude>
    <ClInclude Include="GUI\Widgets\Options\OptionsWindow.h">
      <Filter>GUI\Widgets\Options</Filter>
    </ClInclude>
    <ClInclude Include="Settings\Settings.h">
      <Filter>Settings</Filter>
    </ClInclude>
    <ClInclude Include="API\APIController.h">
      <Filter>API</Filter>
    </ClInclude>
    <ClInclude Include="GUI\Widgets\QuickAccess\EQAPosition.h">
      <Filter>GUI\Widgets\QuickAccess</Filter>
    </ClInclude>
    <ClInclude Include="API\ActiveToken.h">
      <Filter>API</Filter>
    </ClInclude>
    <ClInclude Include="imgui\imgui_memory_editor.h">
      <Filter>_EXTERNAL\imgui</Filter>
    </ClInclude>
    <ClInclude Include="GUI\FuncDefs.h">
      <Filter>GUI</Filter>
    </ClInclude>
    <ClInclude Include="Loader\ELoaderAction.h">
      <Filter>Loader</Filter>
    </ClInclude>
    <ClInclude Include="WndProc\WndProcHandler.h">
      <Filter>WndProc</Filter>
    </ClInclude>
    <ClInclude Include="WndProc\FuncDefs.h">
      <Filter>WndProc</Filter>
    </ClInclude>
    <ClInclude Include="openssl\aes.h">
      <Filter>_EXTERNAL\openssl</Filter>
    </ClInclude>
    <ClInclude Include="openssl\asn1.h">
      <Filter>_EXTERNAL\openssl</Filter>
    </ClInclude>
    <ClInclude Include="openssl\asn1err.h">
      <Filter>_EXTERNAL\openssl</Filter>
    </ClInclude>
    <ClInclude Include="openssl\asn1t.h">
      <Filter>_EXTERNAL\openssl</Filter>
    </ClInclude>
    <ClInclude Include="openssl\asn1_mac.h">
      <Filter>_EXTERNAL\openssl</Filter>
    </ClInclude>
    <ClInclude Include="openssl\async.h">
      <Filter>_EXTERNAL\openssl</Filter>
    </ClInclude>
    <ClInclude Include="openssl\asyncerr.h">
      <Filter>_EXTERNAL\openssl</Filter>
    </ClInclude>
    <ClInclude Include="openssl\bio.h">
      <Filter>_EXTERNAL\openssl</Filter>
    </ClInclude>
    <ClInclude Include="openssl\bioerr.h">
      <Filter>_EXTERNAL\openssl</Filter>
    </ClInclude>
    <ClInclude Include="openssl\blowfish.h">
      <Filter>_EXTERNAL\openssl</Filter>
    </ClInclude>
    <ClInclude Include="openssl\bn.h">
      <Filter>_EXTERNAL\openssl</Filter>
    </ClInclude>
    <ClInclude Include="openssl\bnerr.h">
      <Filter>_EXTERNAL\openssl</Filter>
    </ClInclude>
    <ClInclude Include="openssl\buffer.h">
      <Filter>_EXTERNAL\openssl</Filter>
    </ClInclude>
    <ClInclude Include="openssl\buffererr.h">
      <Filter>_EXTERNAL\openssl</Filter>
    </ClInclude>
    <ClInclude Include="openssl\camellia.h">
      <Filter>_EXTERNAL\openssl</Filter>
    </ClInclude>
    <ClInclude Include="openssl\cast.h">
      <Filter>_EXTERNAL\openssl</Filter>
    </ClInclude>
    <ClInclude Include="openssl\cmac.h">
      <Filter>_EXTERNAL\openssl</Filter>
    </ClInclude>
    <ClInclude Include="openssl\cmp.h">
      <Filter>_EXTERNAL\openssl</Filter>
    </ClInclude>
    <ClInclude Include="openssl\cmperr.h">
      <Filter>_EXTERNAL\openssl</Filter>
    </ClInclude>
    <ClInclude Include="openssl\cmp_util.h">
      <Filter>_EXTERNAL\openssl</Filter>
    </ClInclude>
    <ClInclude Include="openssl\cms.h">
      <Filter>_EXTERNAL\openssl</Filter>
    </ClInclude>
    <ClInclude Include="openssl\cmserr.h">
      <Filter>_EXTERNAL\openssl</Filter>
    </ClInclude>
    <ClInclude Include="openssl\comp.h">
      <Filter>_EXTERNAL\openssl</Filter>
    </ClInclude>
    <ClInclude Include="openssl\comperr.h">
      <Filter>_EXTERNAL\openssl</Filter>
    </ClInclude>
    <ClInclude Include="openssl\conf.h">
      <Filter>_EXTERNAL\openssl</Filter>
    </ClInclude>
    <ClInclude Include="openssl\conferr.h">
      <Filter>_EXTERNAL\openssl</Filter>
    </ClInclude>
    <ClInclude Include="openssl\configuration.h">
      <Filter>_EXTERNAL\openssl</Filter>
    </ClInclude>
    <ClInclude Include="openssl\conftypes.h">
      <Filter>_EXTERNAL\openssl</Filter>
    </ClInclude>
    <ClInclude Include="openssl\conf_api.h">
      <Filter>_EXTERNAL\openssl</Filter>
    </ClInclude>
    <ClInclude Include="openssl\core.h">
      <Filter>_EXTERNAL\openssl</Filter>
    </ClInclude>
    <ClInclude Include="openssl\core_dispatch.h">
      <Filter>_EXTERNAL\openssl</Filter>
    </ClInclude>
    <ClInclude Include="openssl\core_names.h">
      <Filter>_EXTERNAL\openssl</Filter>
    </ClInclude>
    <ClInclude Include="openssl\core_object.h">
      <Filter>_EXTERNAL\openssl</Filter>
    </ClInclude>
    <ClInclude Include="openssl\crmf.h">
      <Filter>_EXTERNAL\openssl</Filter>
    </ClInclude>
    <ClInclude Include="openssl\crmferr.h">
      <Filter>_EXTERNAL\openssl</Filter>
    </ClInclude>
    <ClInclude Include="openssl\crypto.h">
      <Filter>_EXTERNAL\openssl</Filter>
    </ClInclude>
    <ClInclude Include="openssl\cryptoerr.h">
      <Filter>_EXTERNAL\openssl</Filter>
    </ClInclude>
    <ClInclude Include="openssl\cryptoerr_legacy.h">
      <Filter>_EXTERNAL\openssl</Filter>
    </ClInclude>
    <ClInclude Include="openssl\ct.h">
      <Filter>_EXTERNAL\openssl</Filter>
    </ClInclude>
    <ClInclude Include="openssl\cterr.h">
      <Filter>_EXTERNAL\openssl</Filter>
    </ClInclude>
    <ClInclude Include="openssl\decoder.h">
      <Filter>_EXTERNAL\openssl</Filter>
    </ClInclude>
    <ClInclude Include="openssl\decodererr.h">
      <Filter>_EXTERNAL\openssl</Filter>
    </ClInclude>
    <ClInclude Include="openssl\des.h">
      <Filter>_EXTERNAL\openssl</Filter>
    </ClInclude>
    <ClInclude Include="openssl\dh.h">
      <Filter>_EXTERNAL\openssl</Filter>
    </ClInclude>
    <ClInclude Include="openssl\dherr.h">
      <Filter>_EXTERNAL\openssl</Filter>
    </ClInclude>
    <ClInclude Include="openssl\dsa.h">
      <Filter>_EXTERNAL\openssl</Filter>
    </ClInclude>
    <ClInclude Include="openssl\dsaerr.h">
      <Filter>_EXTERNAL\openssl</Filter>
    </ClInclude>
    <ClInclude Include="openssl\dtls1.h">
      <Filter>_EXTERNAL\openssl</Filter>
    </ClInclude>
    <ClInclude Include="openssl\ebcdic.h">
      <Filter>_EXTERNAL\openssl</Filter>
    </ClInclude>
    <ClInclude Include="openssl\ec.h">
      <Filter>_EXTERNAL\openssl</Filter>
    </ClInclude>
    <ClInclude Include="openssl\ecdh.h">
      <Filter>_EXTERNAL\openssl</Filter>
    </ClInclude>
    <ClInclude Include="openssl\ecdsa.h">
      <Filter>_EXTERNAL\openssl</Filter>
    </ClInclude>
    <ClInclude Include="openssl\ecerr.h">
      <Filter>_EXTERNAL\openssl</Filter>
    </ClInclude>
    <ClInclude Include="openssl\encoder.h">
      <Filter>_EXTERNAL\openssl</Filter>
    </ClInclude>
    <ClInclude Include="openssl\encodererr.h">
      <Filter>_EXTERNAL\openssl</Filter>
    </ClInclude>
    <ClInclude Include="openssl\engine.h">
      <Filter>_EXTERNAL\openssl</Filter>
    </ClInclude>
    <ClInclude Include="openssl\engineerr.h">
      <Filter>_EXTERNAL\openssl</Filter>
    </ClInclude>
    <ClInclude Include="openssl\err.h">
      <Filter>_EXTERNAL\openssl</Filter>
    </ClInclude>
    <ClInclude Include="openssl\ess.h">
      <Filter>_EXTERNAL\openssl</Filter>
    </ClInclude>
    <ClInclude Include="openssl\esserr.h">
      <Filter>_EXTERNAL\openssl</Filter>
    </ClInclude>
    <ClInclude Include="openssl\evp.h">
      <Filter>_EXTERNAL\openssl</Filter>
    </ClInclude>
    <ClInclude Include="openssl\evperr.h">
      <Filter>_EXTERNAL\openssl</Filter>
    </ClInclude>
    <ClInclude Include="openssl\e_os2.h">
      <Filter>_EXTERNAL\openssl</Filter>
    </ClInclude>
    <ClInclude Include="openssl\fipskey.h">
      <Filter>_EXTERNAL\openssl</Filter>
    </ClInclude>
    <ClInclude Include="openssl\fips_names.h">
      <Filter>_EXTERNAL\openssl</Filter>
    </ClInclude>
    <ClInclude Include="openssl\hmac.h">
      <Filter>_EXTERNAL\openssl</Filter>
    </ClInclude>
    <ClInclude Include="openssl\http.h">
      <Filter>_EXTERNAL\openssl</Filter>
    </ClInclude>
    <ClInclude Include="openssl\httperr.h">
      <Filter>_EXTERNAL\openssl</Filter>
    </ClInclude>
    <ClInclude Include="openssl\idea.h">
      <Filter>_EXTERNAL\openssl</Filter>
    </ClInclude>
    <ClInclude Include="openssl\kdf.h">
      <Filter>_EXTERNAL\openssl</Filter>
    </ClInclude>
    <ClInclude Include="openssl\kdferr.h">
      <Filter>_EXTERNAL\openssl</Filter>
    </ClInclude>
    <ClInclude Include="openssl\lhash.h">
      <Filter>_EXTERNAL\openssl</Filter>
    </ClInclude>
    <ClInclude Include="openssl\macros.h">
      <Filter>_EXTERNAL\openssl</Filter>
    </ClInclude>
    <ClInclude Include="openssl\md2.h">
      <Filter>_EXTERNAL\openssl</Filter>
    </ClInclude>
    <ClInclude Include="openssl\md4.h">
      <Filter>_EXTERNAL\openssl</Filter>
    </ClInclude>
    <ClInclude Include="openssl\md5.h">
      <Filter>_EXTERNAL\openssl</Filter>
    </ClInclude>
    <ClInclude Include="openssl\mdc2.h">
      <Filter>_EXTERNAL\openssl</Filter>
    </ClInclude>
    <ClInclude Include="openssl\modes.h">
      <Filter>_EXTERNAL\openssl</Filter>
    </ClInclude>
    <ClInclude Include="openssl\objects.h">
      <Filter>_EXTERNAL\openssl</Filter>
    </ClInclude>
    <ClInclude Include="openssl\objectserr.h">
      <Filter>_EXTERNAL\openssl</Filter>
    </ClInclude>
    <ClInclude Include="openssl\obj_mac.h">
      <Filter>_EXTERNAL\openssl</Filter>
    </ClInclude>
    <ClInclude Include="openssl\ocsp.h">
      <Filter>_EXTERNAL\openssl</Filter>
    </ClInclude>
    <ClInclude Include="openssl\ocsperr.h">
      <Filter>_EXTERNAL\openssl</Filter>
    </ClInclude>
    <ClInclude Include="openssl\opensslconf.h">
      <Filter>_EXTERNAL\openssl</Filter>
    </ClInclude>
    <ClInclude Include="openssl\opensslv.h">
      <Filter>_EXTERNAL\openssl</Filter>
    </ClInclude>
    <ClInclude Include="openssl\ossl_typ.h">
      <Filter>_EXTERNAL\openssl</Filter>
    </ClInclude>
    <ClInclude Include="openssl\params.h">
      <Filter>_EXTERNAL\openssl</Filter>
    </ClInclude>
    <ClInclude Include="openssl\param_build.h">
      <Filter>_EXTERNAL\openssl</Filter>
    </ClInclude>
    <ClInclude Include="openssl\pem.h">
      <Filter>_EXTERNAL\openssl</Filter>
    </ClInclude>
    <ClInclude Include="openssl\pem2.h">
      <Filter>_EXTERNAL\openssl</Filter>
    </ClInclude>
    <ClInclude Include="openssl\pemerr.h">
      <Filter>_EXTERNAL\openssl</Filter>
    </ClInclude>
    <ClInclude Include="openssl\pkcs12.h">
      <Filter>_EXTERNAL\openssl</Filter>
    </ClInclude>
    <ClInclude Include="openssl\pkcs12err.h">
      <Filter>_EXTERNAL\openssl</Filter>
    </ClInclude>
    <ClInclude Include="openssl\pkcs7.h">
      <Filter>_EXTERNAL\openssl</Filter>
    </ClInclude>
    <ClInclude Include="openssl\pkcs7err.h">
      <Filter>_EXTERNAL\openssl</Filter>
    </ClInclude>
    <ClInclude Include="openssl\proverr.h">
      <Filter>_EXTERNAL\openssl</Filter>
    </ClInclude>
    <ClInclude Include="openssl\provider.h">
      <Filter>_EXTERNAL\openssl</Filter>
    </ClInclude>
    <ClInclude Include="openssl\prov_ssl.h">
      <Filter>_EXTERNAL\openssl</Filter>
    </ClInclude>
    <ClInclude Include="openssl\rand.h">
      <Filter>_EXTERNAL\openssl</Filter>
    </ClInclude>
    <ClInclude Include="openssl\randerr.h">
      <Filter>_EXTERNAL\openssl</Filter>
    </ClInclude>
    <ClInclude Include="openssl\rc2.h">
      <Filter>_EXTERNAL\openssl</Filter>
    </ClInclude>
    <ClInclude Include="openssl\rc4.h">
      <Filter>_EXTERNAL\openssl</Filter>
    </ClInclude>
    <ClInclude Include="openssl\rc5.h">
      <Filter>_EXTERNAL\openssl</Filter>
    </ClInclude>
    <ClInclude Include="openssl\ripemd.h">
      <Filter>_EXTERNAL\openssl</Filter>
    </ClInclude>
    <ClInclude Include="openssl\rsa.h">
      <Filter>_EXTERNAL\openssl</Filter>
    </ClInclude>
    <ClInclude Include="openssl\rsaerr.h">
      <Filter>_EXTERNAL\openssl</Filter>
    </ClInclude>
    <ClInclude Include="openssl\safestack.h">
      <Filter>_EXTERNAL\openssl</Filter>
    </ClInclude>
    <ClInclude Include="openssl\seed.h">
      <Filter>_EXTERNAL\openssl</Filter>
    </ClInclude>
    <ClInclude Include="openssl\self_test.h">
      <Filter>_EXTERNAL\openssl</Filter>
    </ClInclude>
    <ClInclude Include="openssl\sha.h">
      <Filter>_EXTERNAL\openssl</Filter>
    </ClInclude>
    <ClInclude Include="openssl\srp.h">
      <Filter>_EXTERNAL\openssl</Filter>
    </ClInclude>
    <ClInclude Include="openssl\srtp.h">
      <Filter>_EXTERNAL\openssl</Filter>
    </ClInclude>
    <ClInclude Include="openssl\ssl.h">
      <Filter>_EXTERNAL\openssl</Filter>
    </ClInclude>
    <ClInclude Include="openssl\ssl2.h">
      <Filter>_EXTERNAL\openssl</Filter>
    </ClInclude>
    <ClInclude Include="openssl\ssl3.h">
      <Filter>_EXTERNAL\openssl</Filter>
    </ClInclude>
    <ClInclude Include="openssl\sslerr.h">
      <Filter>_EXTERNAL\openssl</Filter>
    </ClInclude>
    <ClInclude Include="openssl\sslerr_legacy.h">
      <Filter>_EXTERNAL\openssl</Filter>
    </ClInclude>
    <ClInclude Include="openssl\stack.h">
      <Filter>_EXTERNAL\openssl</Filter>
    </ClInclude>
    <ClInclude Include="openssl\store.h">
      <Filter>_EXTERNAL\openssl</Filter>
    </ClInclude>
    <ClInclude Include="openssl\storeerr.h">
      <Filter>_EXTERNAL\openssl</Filter>
    </ClInclude>
    <ClInclude Include="openssl\symhacks.h">
      <Filter>_EXTERNAL\openssl</Filter>
    </ClInclude>
    <ClInclude Include="openssl\tls1.h">
      <Filter>_EXTERNAL\openssl</Filter>
    </ClInclude>
    <ClInclude Include="openssl\trace.h">
      <Filter>_EXTERNAL\openssl</Filter>
    </ClInclude>
    <ClInclude Include="openssl\ts.h">
      <Filter>_EXTERNAL\openssl</Filter>
    </ClInclude>
    <ClInclude Include="openssl\tserr.h">
      <Filter>_EXTERNAL\openssl</Filter>
    </ClInclude>
    <ClInclude Include="openssl\txt_db.h">
      <Filter>_EXTERNAL\openssl</Filter>
    </ClInclude>
    <ClInclude Include="openssl\types.h">
      <Filter>_EXTERNAL\openssl</Filter>
    </ClInclude>
    <ClInclude Include="openssl\ui.h">
      <Filter>_EXTERNAL\openssl</Filter>
    </ClInclude>
    <ClInclude Include="openssl\uierr.h">
      <Filter>_EXTERNAL\openssl</Filter>
    </ClInclude>
    <ClInclude Include="openssl\whrlpool.h">
      <Filter>_EXTERNAL\openssl</Filter>
    </ClInclude>
    <ClInclude Include="openssl\x509.h">
      <Filter>_EXTERNAL\openssl</Filter>
    </ClInclude>
    <ClInclude Include="openssl\x509err.h">
      <Filter>_EXTERNAL\openssl</Filter>
    </ClInclude>
    <ClInclude Include="openssl\x509v3.h">
      <Filter>_EXTERNAL\openssl</Filter>
    </ClInclude>
    <ClInclude Include="openssl\x509v3err.h">
      <Filter>_EXTERNAL\openssl</Filter>
    </ClInclude>
    <ClInclude Include="openssl\x509_vfy.h">
      <Filter>_EXTERNAL\openssl</Filter>
    </ClInclude>
    <ClInclude Include="openssl\__DECC_INCLUDE_EPILOGUE.H">
      <Filter>_EXTERNAL\openssl</Filter>
    </ClInclude>
    <ClInclude Include="openssl\__DECC_INCLUDE_PROLOGUE.H">
      <Filter>_EXTERNAL\openssl</Filter>
    </ClInclude>
    <ClInclude Include="Branch.h">
      <Filter>Header Files</Filter>
    </ClInclude>
    <ClInclude Include="Keybinds\KeystrokeMessageFlags.h">
      <Filter>Keybinds</Filter>
    </ClInclude>
    <ClInclude Include="Paths\FuncDefs.h">
      <Filter>Paths</Filter>
    </ClInclude>
    <ClInclude Include="GUI\ERenderType.h">
      <Filter>GUI</Filter>
    </ClInclude>
    <ClInclude Include="Loader\Addon.h">
      <Filter>Loader</Filter>
    </ClInclude>
    <ClInclude Include="Loader\EAddonState.h">
      <Filter>Loader</Filter>
    </ClInclude>
    <ClInclude Include="Keybinds\KeystrokeMessageFlags.h">
      <Filter>Header Files</Filter>
    </ClInclude>
    <ClInclude Include="Version.h">
      <Filter>Header Files</Filter>
    </ClInclude>
    <ClInclude Include="CrashHandler.h">
      <Filter>Header Files</Filter>
    </ClInclude>
    <ClInclude Include="GUI\Widgets\EULA\EULAModal.h">
      <Filter>GUI\Widgets\EULA</Filter>
    </ClInclude>
    <ClInclude Include="resource.h">
      <Filter>Resource Files</Filter>
    </ClInclude>
    <ClInclude Include="GUI\Widgets\Changelog\ChangelogWindow.h">
      <Filter>GUI\Widgets\Changelog</Filter>
    </ClInclude>
    <ClInclude Include="stb\stb_image.h">
      <Filter>_EXTERNAL</Filter>
    </ClInclude>
    <ClInclude Include="nlohmann\json.hpp">
      <Filter>_EXTERNAL</Filter>
    </ClInclude>
    <ClInclude Include="httplib\httplib.h">
      <Filter>_EXTERNAL</Filter>
    </ClInclude>
    <ClInclude Include="Multibox\Multibox.h">
      <Filter>Multibox</Filter>
    </ClInclude>
    <ClInclude Include="Proxy.h">
      <Filter>_GLOBAL</Filter>
    </ClInclude>
    <ClInclude Include="Main.h">
      <Filter>Header Files</Filter>
    </ClInclude>
    <ClInclude Include="API\APIRequest.h">
      <Filter>API</Filter>
    </ClInclude>
    <ClInclude Include="API\APIClient.h">
      <Filter>API</Filter>
    </ClInclude>
    <ClInclude Include="API\CachedResponse.h">
      <Filter>API</Filter>
    </ClInclude>
    <ClInclude Include="API\APIResponse.h">
      <Filter>API</Filter>
    </ClInclude>
    <ClInclude Include="Loader\LibraryAddon.h">
      <Filter>Loader</Filter>
    </ClInclude>
  </ItemGroup>
  <ItemGroup>
    <ResourceCompile Include="Nexus.rc">
      <Filter>Resource Files</Filter>
    </ResourceCompile>
  </ItemGroup>
  <ItemGroup>
    <None Include="exports.def">
      <Filter>Resource Files</Filter>
    </None>
    <None Include="Resources\bin64\arcdps_integration64.dll">
      <Filter>Resource Files\bin64</Filter>
    </None>
  </ItemGroup>
  <ItemGroup>
    <Font Include="Resources\Fonts\Menomonia.ttf">
      <Filter>Resource Files\Fonts</Filter>
    </Font>
    <Font Include="Resources\Fonts\TrebuchetMS.ttf">
      <Filter>Resource Files\Fonts</Filter>
    </Font>
  </ItemGroup>
  <ItemGroup>
    <Image Include="Resources\AddonsWindow\AddonItem.png">
      <Filter>Resource Files\Images\AddonsWindow</Filter>
    </Image>
    <Image Include="Resources\AddonsWindow\Background.png">
      <Filter>Resource Files\Images\AddonsWindow</Filter>
    </Image>
    <Image Include="Resources\AddonsWindow\Background_blue.png">
      <Filter>Resource Files\Images\AddonsWindow</Filter>
    </Image>
    <Image Include="Resources\AddonsWindow\TitleBar.png">
      <Filter>Resource Files\Images\AddonsWindow</Filter>
    </Image>
    <Image Include="Resources\AddonsWindow\TitleBar_Hover.png">
      <Filter>Resource Files\Images\AddonsWindow</Filter>
    </Image>
    <Image Include="Resources\Menu\Background.png">
      <Filter>Resource Files\Images\Menu</Filter>
    </Image>
    <Image Include="Resources\Menu\BtnAbout.png">
      <Filter>Resource Files\Images\Menu</Filter>
    </Image>
    <Image Include="Resources\Menu\BtnAddons.png">
      <Filter>Resource Files\Images\Menu</Filter>
    </Image>
    <Image Include="Resources\Menu\BtnChangelog.png">
      <Filter>Resource Files\Images\Menu</Filter>
    </Image>
    <Image Include="Resources\Menu\BtnDebug.png">
      <Filter>Resource Files\Images\Menu</Filter>
    </Image>
    <Image Include="Resources\Menu\BtnLog.png">
      <Filter>Resource Files\Images\Menu</Filter>
    </Image>
    <Image Include="Resources\Menu\BtnOptions.png">
      <Filter>Resource Files\Images\Menu</Filter>
    </Image>
    <Image Include="Resources\Menu\MenuItem.png">
      <Filter>Resource Files\Images\Menu</Filter>
    </Image>
    <Image Include="Resources\Menu\MenuItem_Hover.png">
      <Filter>Resource Files\Images\Menu</Filter>
    </Image>
    <Image Include="Resources\QuickAccess\Generic.png">
      <Filter>Resource Files\Images\QuickAccess</Filter>
    </Image>
    <Image Include="Resources\QuickAccess\Generic_Hover.png">
      <Filter>Resource Files\Images\QuickAccess</Filter>
    </Image>
    <Image Include="Resources\QuickAccess\Nexus.png">
      <Filter>Resource Files\Images\QuickAccess</Filter>
    </Image>
    <Image Include="Resources\QuickAccess\Nexus_Hover.png">
      <Filter>Resource Files\Images\QuickAccess</Filter>
    </Image>
    <Image Include="Resources\QuickAccess\NexusHalloween.png">
      <Filter>Resource Files\Images\QuickAccess</Filter>
    </Image>
    <Image Include="Resources\QuickAccess\NexusHalloween_Hover.png">
      <Filter>Resource Files\Images\QuickAccess</Filter>
    </Image>
    <Image Include="Resources\QuickAccess\NexusXmas.png">
      <Filter>Resource Files\Images\QuickAccess</Filter>
    </Image>
    <Image Include="Resources\QuickAccess\NexusXmas_Hover.png">
      <Filter>Resource Files\Images\QuickAccess</Filter>
    </Image>
    <Image Include="Resources\BtnClose.png">
      <Filter>Resource Files\Images</Filter>
    </Image>
    <Image Include="Resources\BtnClose_Hover.png">
      <Filter>Resource Files\Images</Filter>
    </Image>
    <Image Include="Resources\TitleBarEnd.png">
      <Filter>Resource Files\Images</Filter>
    </Image>
    <Image Include="Resources\TitleBarEnd_Hover.png">
      <Filter>Resource Files\Images</Filter>
    </Image>
    <Image Include="Resources\TabBtn.png">
      <Filter>Resource Files\Images\QuickAccess</Filter>
    </Image>
    <Image Include="Resources\TabBtn_Hover.png">
      <Filter>Resource Files\Images\QuickAccess</Filter>
    </Image>
    <Image Include="Resources\Notification.png">
      <Filter>Resource Files\Images\QuickAccess</Filter>
    </Image>
  </ItemGroup>
</Project>