<?xml version="1.0" encoding="utf-8"?>
<Project ToolsVersion="4.0" xmlns="http://schemas.microsoft.com/developer/msbuild/2003">
  <ItemGroup>
    <Filter Include="Source Files">
      <UniqueIdentifier>{4FC737F1-C7A5-4376-A066-2A32D752A2FF}</UniqueIdentifier>
      <Extensions>cpp;c;cc;cxx;c++;cppm;ixx;def;odl;idl;hpj;bat;asm;asmx</Extensions>
    </Filter>
    <Filter Include="Header Files">
      <UniqueIdentifier>{93995380-89BD-4b04-88EB-625FBE52EBFB}</UniqueIdentifier>
      <Extensions>h;hh;hpp;hxx;h++;hm;inl;inc;ipp;xsd</Extensions>
    </Filter>
    <Filter Include="Resource Files">
      <UniqueIdentifier>{67DA6AB6-F800-4c08-8B7A-83BB121AAD01}</UniqueIdentifier>
      <Extensions>rc;ico;cur;bmp;dlg;rc2;rct;bin;rgs;gif;jpg;jpeg;jpe;resx;tiff;tif;png;wav;mfcribbon-ms</Extensions>
    </Filter>
    <Filter Include="imgui">
      <UniqueIdentifier>{9cf5a43b-f25a-40a9-985c-dc3e2c93acbb}</UniqueIdentifier>
    </Filter>
    <Filter Include="minhook">
      <UniqueIdentifier>{f68f9811-c527-445e-80e6-4195e50dfa70}</UniqueIdentifier>
    </Filter>
    <Filter Include="Logging">
      <UniqueIdentifier>{72f71e79-5933-4318-b293-5087228d8bf4}</UniqueIdentifier>
    </Filter>
    <Filter Include="Mumble">
      <UniqueIdentifier>{63ff3d3b-f85c-4e99-8c66-7638fa8d524f}</UniqueIdentifier>
    </Filter>
    <Filter Include="Loader">
      <UniqueIdentifier>{ef159aa7-0ceb-4ef5-a926-097dfc64a130}</UniqueIdentifier>
    </Filter>
    <Filter Include="Events">
      <UniqueIdentifier>{062ec4b8-2804-4978-b3c4-381b0cdd4b35}</UniqueIdentifier>
    </Filter>
    <Filter Include="Keybinds">
      <UniqueIdentifier>{f0552fcd-0842-4914-bd35-54f18d11b0cd}</UniqueIdentifier>
    </Filter>
    <Filter Include="Localization">
      <UniqueIdentifier>{7943e0f9-3a02-4820-bc47-49d1198f39b8}</UniqueIdentifier>
    </Filter>
    <Filter Include="GUI">
      <UniqueIdentifier>{8e3da8bf-b792-4844-a919-647f2d4786f6}</UniqueIdentifier>
    </Filter>
    <Filter Include="_GLOBAL">
      <UniqueIdentifier>{8e43094f-c05b-4eb0-9c90-afd74f653c5b}</UniqueIdentifier>
    </Filter>
    <Filter Include="GUI\Widgets">
      <UniqueIdentifier>{911cde00-7b9a-4d41-9272-bc884666c983}</UniqueIdentifier>
    </Filter>
    <Filter Include="GUI\Widgets\Log">
      <UniqueIdentifier>{18181f26-b91b-4aa3-b369-8ad04300c752}</UniqueIdentifier>
    </Filter>
    <Filter Include="GUI\Widgets\Addons">
      <UniqueIdentifier>{c991172a-2d10-4648-a529-d49c1325f759}</UniqueIdentifier>
    </Filter>
    <Filter Include="GUI\Widgets\About">
      <UniqueIdentifier>{f4d01667-1986-4ab9-96e8-a783ecd77243}</UniqueIdentifier>
    </Filter>
    <Filter Include="GUI\Widgets\Overlay">
      <UniqueIdentifier>{f86218d1-7120-4b72-9d7e-c97dbee918c7}</UniqueIdentifier>
    </Filter>
  </ItemGroup>
  <ItemGroup>
    <ClCompile Include="entry.cpp">
      <Filter>Source Files</Filter>
    </ClCompile>
    <ClCompile Include="imgui\imgui_widgets.cpp">
      <Filter>imgui</Filter>
    </ClCompile>
    <ClCompile Include="imgui\imgui_tables.cpp">
      <Filter>imgui</Filter>
    </ClCompile>
    <ClCompile Include="imgui\imgui_draw.cpp">
      <Filter>imgui</Filter>
    </ClCompile>
    <ClCompile Include="imgui\imgui_demo.cpp">
      <Filter>imgui</Filter>
    </ClCompile>
    <ClCompile Include="imgui\imgui.cpp">
      <Filter>imgui</Filter>
    </ClCompile>
    <ClCompile Include="imgui\imgui_impl_win32.cpp">
      <Filter>imgui</Filter>
    </ClCompile>
    <ClCompile Include="imgui\imgui_impl_dx11.cpp">
      <Filter>imgui</Filter>
    </ClCompile>
    <ClCompile Include="minhook\mh_buffer.cpp">
      <Filter>minhook</Filter>
    </ClCompile>
    <ClCompile Include="minhook\mh_disasm.cpp">
      <Filter>minhook</Filter>
    </ClCompile>
    <ClCompile Include="minhook\mh_hook.cpp">
      <Filter>minhook</Filter>
    </ClCompile>
    <ClCompile Include="minhook\mh_trampoline.cpp">
      <Filter>minhook</Filter>
    </ClCompile>
    <ClCompile Include="Logging\FileLogger.cpp">
      <Filter>Logging</Filter>
    </ClCompile>
    <ClCompile Include="Logging\ILogger.cpp">
      <Filter>Logging</Filter>
    </ClCompile>
    <ClCompile Include="Logging\LogEntry.cpp">
      <Filter>Logging</Filter>
    </ClCompile>
    <ClCompile Include="Logging\LogHandler.cpp">
      <Filter>Logging</Filter>
    </ClCompile>
    <ClCompile Include="Logging\ConsoleLogger.cpp">
      <Filter>Logging</Filter>
    </ClCompile>
    <ClCompile Include="core.cpp">
      <Filter>Source Files</Filter>
    </ClCompile>
    <ClCompile Include="Mumble\Mumble.cpp">
      <Filter>Mumble</Filter>
    </ClCompile>
    <ClCompile Include="Events\EventHandler.cpp">
      <Filter>Events</Filter>
    </ClCompile>
    <ClCompile Include="Keybinds\KeybindHandler.cpp">
      <Filter>Keybinds</Filter>
    </ClCompile>
    <ClCompile Include="Paths.cpp">
      <Filter>_GLOBAL</Filter>
    </ClCompile>
    <ClCompile Include="State.cpp">
      <Filter>_GLOBAL</Filter>
    </ClCompile>
    <ClCompile Include="Hooks.cpp">
      <Filter>_GLOBAL</Filter>
    </ClCompile>
    <ClCompile Include="Renderer.cpp">
      <Filter>_GLOBAL</Filter>
    </ClCompile>
    <ClCompile Include="Shared.cpp">
      <Filter>_GLOBAL</Filter>
    </ClCompile>
    <ClCompile Include="Keybinds\Keybind.cpp">
      <Filter>Keybinds</Filter>
    </ClCompile>
    <ClCompile Include="GUI\GUI.cpp">
      <Filter>GUI</Filter>
    </ClCompile>
    <ClCompile Include="GUI\Widgets\About\AboutBox.cpp">
      <Filter>GUI\Widgets\About</Filter>
    </ClCompile>
    <ClCompile Include="GUI\Widgets\Addons\AddonsWindow.cpp">
      <Filter>GUI\Widgets\Addons</Filter>
    </ClCompile>
    <ClCompile Include="GUI\Widgets\Log\LogWindow.cpp">
      <Filter>GUI\Widgets\Log</Filter>
    </ClCompile>
    <ClCompile Include="GUI\Widgets\Overlay\MumbleOverlay.cpp">
      <Filter>GUI\Widgets\Overlay</Filter>
    </ClCompile>
    <ClCompile Include="Mumble\Identity.cpp">
      <Filter>Mumble</Filter>
    </ClCompile>
    <ClCompile Include="Loader\Loader.cpp">
      <Filter>Loader</Filter>
    </ClCompile>
  </ItemGroup>
  <ItemGroup>
    <None Include="exports.def">
      <Filter>Resource Files</Filter>
    </None>
  </ItemGroup>
  <ItemGroup>
    <ClInclude Include="imgui\imstb_truetype.h">
      <Filter>imgui</Filter>
    </ClInclude>
    <ClInclude Include="imgui\imstb_textedit.h">
      <Filter>imgui</Filter>
    </ClInclude>
    <ClInclude Include="imgui\imstb_rectpack.h">
      <Filter>imgui</Filter>
    </ClInclude>
    <ClInclude Include="imgui\imgui_internal.h">
      <Filter>imgui</Filter>
    </ClInclude>
    <ClInclude Include="imgui\imgui.h">
      <Filter>imgui</Filter>
    </ClInclude>
    <ClInclude Include="imgui\imconfig.h">
      <Filter>imgui</Filter>
    </ClInclude>
    <ClInclude Include="imgui\imgui_impl_win32.h">
      <Filter>imgui</Filter>
    </ClInclude>
    <ClInclude Include="imgui\imgui_impl_dx11.h">
      <Filter>imgui</Filter>
    </ClInclude>
    <ClInclude Include="minhook\mh_hook.h">
      <Filter>minhook</Filter>
    </ClInclude>
    <ClInclude Include="minhook\mh_trampoline.h">
      <Filter>minhook</Filter>
    </ClInclude>
    <ClInclude Include="minhook\mh_disasm.h">
      <Filter>minhook</Filter>
    </ClInclude>
    <ClInclude Include="minhook\mh_buffer.h">
      <Filter>minhook</Filter>
    </ClInclude>
    <ClInclude Include="Logging\FileLogger.h">
      <Filter>Logging</Filter>
    </ClInclude>
    <ClInclude Include="Logging\ILogger.h">
      <Filter>Logging</Filter>
    </ClInclude>
    <ClInclude Include="Logging\LogEntry.h">
      <Filter>Logging</Filter>
    </ClInclude>
    <ClInclude Include="Logging\LogHandler.h">
      <Filter>Logging</Filter>
    </ClInclude>
    <ClInclude Include="Logging\ELogLevel.h">
      <Filter>Logging</Filter>
    </ClInclude>
    <ClInclude Include="Logging\ConsoleLogger.h">
      <Filter>Logging</Filter>
    </ClInclude>
    <ClInclude Include="core.h">
      <Filter>Header Files</Filter>
    </ClInclude>
    <ClInclude Include="Mumble\Mumble.h">
      <Filter>Mumble</Filter>
    </ClInclude>
    <ClInclude Include="Loader\AddonDef.h">
      <Filter>Loader</Filter>
    </ClInclude>
    <ClInclude Include="Loader\EUpdateProvider.h">
      <Filter>Loader</Filter>
    </ClInclude>
    <ClInclude Include="Events\EventHandler.h">
      <Filter>Events</Filter>
    </ClInclude>
    <ClInclude Include="Loader\HostAPI.h">
      <Filter>Loader</Filter>
    </ClInclude>
    <ClInclude Include="Keybinds\KeybindHandler.h">
      <Filter>Keybinds</Filter>
    </ClInclude>
    <ClInclude Include="State.h">
      <Filter>_GLOBAL</Filter>
    </ClInclude>
    <ClInclude Include="Paths.h">
      <Filter>_GLOBAL</Filter>
    </ClInclude>
    <ClInclude Include="Hooks.h">
      <Filter>_GLOBAL</Filter>
    </ClInclude>
    <ClInclude Include="Renderer.h">
      <Filter>_GLOBAL</Filter>
    </ClInclude>
    <ClInclude Include="Shared.h">
      <Filter>_GLOBAL</Filter>
    </ClInclude>
    <ClInclude Include="nlohmann\json.hpp">
      <Filter>Header Files</Filter>
    </ClInclude>
    <ClInclude Include="Localization\Localization.h">
      <Filter>Localization</Filter>
    </ClInclude>
    <ClInclude Include="Keybinds\Keybind.h">
      <Filter>Keybinds</Filter>
    </ClInclude>
    <ClInclude Include="GUI\GUI.h">
      <Filter>GUI</Filter>
    </ClInclude>
    <ClInclude Include="imgui\imgui_extensions.h">
      <Filter>imgui</Filter>
    </ClInclude>
    <ClInclude Include="GUI\IWindow.h">
      <Filter>GUI</Filter>
    </ClInclude>
    <ClInclude Include="GUI\Widgets\About\AboutBox.h">
      <Filter>GUI\Widgets\About</Filter>
    </ClInclude>
    <ClInclude Include="GUI\Widgets\Log\LogWindow.h">
      <Filter>GUI\Widgets\Log</Filter>
    </ClInclude>
    <ClInclude Include="GUI\Widgets\Overlay\MumbleOverlay.h">
      <Filter>GUI\Widgets\Overlay</Filter>
    </ClInclude>
    <ClInclude Include="Mumble\EMapType.h">
      <Filter>Mumble</Filter>
    </ClInclude>
    <ClInclude Include="Mumble\EMountIndex.h">
      <Filter>Mumble</Filter>
    </ClInclude>
    <ClInclude Include="Mumble\EProfession.h">
      <Filter>Mumble</Filter>
    </ClInclude>
    <ClInclude Include="Mumble\ESpecialization.h">
      <Filter>Mumble</Filter>
    </ClInclude>
    <ClInclude Include="Mumble\ERace.h">
      <Filter>Mumble</Filter>
    </ClInclude>
    <ClInclude Include="Mumble\EUIScale.h">
      <Filter>Mumble</Filter>
    </ClInclude>
    <ClInclude Include="Mumble\Compass.h">
      <Filter>Mumble</Filter>
    </ClInclude>
    <ClInclude Include="Mumble\Context.h">
      <Filter>Mumble</Filter>
    </ClInclude>
    <ClInclude Include="Mumble\LinkedMem.h">
      <Filter>Mumble</Filter>
    </ClInclude>
    <ClInclude Include="types.h">
      <Filter>Header Files</Filter>
    </ClInclude>
    <ClInclude Include="Mumble\Identity.h">
      <Filter>Mumble</Filter>
    </ClInclude>
    <ClInclude Include="Loader\Loader.h">
      <Filter>Loader</Filter>
    </ClInclude>
    <ClInclude Include="GUI\Widgets\Addons\AddonsWindow.h">
      <Filter>GUI\Widgets\Addons</Filter>
    </ClInclude>
    <ClInclude Include="GUI\Widgets\Addons\AddonListing.h">
      <Filter>GUI\Widgets\Addons</Filter>
    </ClInclude>
  </ItemGroup>
  <ItemGroup>
    <ResourceCompile Include="Raidcore-AddonHost.rc">
      <Filter>Resource Files</Filter>
    </ResourceCompile>
  </ItemGroup>
</Project>